
Microsoft Visual Studio Solution File, Format Version 12.00
# Visual Studio Version 18
VisualStudioVersion = 18.0.11205.157
MinimumVisualStudioVersion = 10.0.40219.1
Project("{2150E333-8FDC-42A3-9474-1A3956D46DE8}") = ".tools", ".tools", "{8BBDFD16-37FB-4C4C-AA4F-525913416EBE}"
EndProject
Project("{FAE04EC0-301F-11D3-BF4B-00C04F79EFBC}") = "Bible.Alarm", "src\Bible.Alarm\Bible.Alarm.csproj", "{8F083081-CE5F-3DD2-A49A-CAAC866C0A5E}"
EndProject
Project("{FAE04EC0-301F-11D3-BF4B-00C04F79EFBC}") = "Bible.Alarm.Shared", "src\Bible.Alarm.Shared\Bible.Alarm.Shared.csproj", "{034F9129-8C3C-A7B5-65AB-7122B3C70D55}"
EndProject
Project("{FAE04EC0-301F-11D3-BF4B-00C04F79EFBC}") = "CommunityToolkit.Maui.MediaElement", "libraries\CommunityToolkit.Maui.MediaElement\CommunityToolkit.Maui.MediaElement.csproj", "{75E91A35-8263-4FC2-B8B3-30CCA6A81F2F}"
EndProject
Project("{FAE04EC0-301F-11D3-BF4B-00C04F79EFBC}") = "Bible.Alarm.VersionPatcher", ".tools\Bible.Alarm.VersionPatcher\Bible.Alarm.VersionPatcher.csproj", "{4659DF73-6481-81A7-FF14-9837F2428071}"
EndProject
Project("{FAE04EC0-301F-11D3-BF4B-00C04F79EFBC}") = "Bible.Alarm.VersionPatcher.Tests", "tests\Bible.Alarm.VersionPatcher.Tests\Bible.Alarm.VersionPatcher.Tests.csproj", "{6CC2120F-832B-F17B-4058-C37CD4F91B76}"
EndProject
Project("{2150E333-8FDC-42A3-9474-1A3956D46DE8}") = "libraries", "libraries", "{5D9CF483-35B1-4802-A8CD-4B1B19DAE66B}"
	ProjectSection(SolutionItems) = preProject
		libraries\README.md = libraries\README.md
	EndProjectSection
EndProject
Project("{FAE04EC0-301F-11D3-BF4B-00C04F79EFBC}") = "Bible.Alarm.DbMigration", ".tools\Bible.Alarm.DbMigration\Bible.Alarm.DbMigration.csproj", "{D56589AF-ACB1-C3AF-CE59-F59074BA47C6}"
EndProject
Project("{FAE04EC0-301F-11D3-BF4B-00C04F79EFBC}") = "Bible.Alarm.IosScreenshotResizer", ".tools\Bible.Alarm.IosScreenshotResizer\Bible.Alarm.IosScreenshotResizer.csproj", "{E7A2B4C1-9D3F-4E5A-8B2C-1F6E9D0A3C5B}"
EndProject
Project("{2150E333-8FDC-42A3-9474-1A3956D46DE8}") = "Solution Items", "Solution Items", "{45CCBFCD-C47E-49FF-8B24-E9C941F0AB19}"
	ProjectSection(SolutionItems) = preProject
		.editorconfig = .editorconfig
		.gitattributes = .gitattributes
		.gitignore = .gitignore
		.docs\CODE_STYLE.md = .docs\CODE_STYLE.md
		README.md = README.md
	EndProjectSection
EndProject
Project("{FAE04EC0-301F-11D3-BF4B-00C04F79EFBC}") = "Bible.Alarm.Cataloger", ".tools\Bible.Alarm.Cataloger\Bible.Alarm.Cataloger.csproj", "{725178B1-F5A4-0DC2-8B21-41922143FBD4}"
EndProject
Project("{FAE04EC0-301F-11D3-BF4B-00C04F79EFBC}") = "Bible.Alarm.Shared.Tests", "tests\Bible.Alarm.Shared.Tests\Bible.Alarm.Shared.Tests.csproj", "{B1B73671-E8C7-4BE9-B748-C25E8FCC38A2}"
EndProject
Project("{FAE04EC0-301F-11D3-BF4B-00C04F79EFBC}") = "Bible.Alarm.Tests", "tests\Bible.Alarm.Tests\Bible.Alarm.Tests.csproj", "{A420ACCE-7B76-4412-9011-C9A86223894D}"
EndProject
Project("{FAE04EC0-301F-11D3-BF4B-00C04F79EFBC}") = "CommunityToolkit.Maui.MediaElement.Tests", "tests\CommunityToolkit.Maui.MediaElement.Tests\CommunityToolkit.Maui.MediaElement.Tests.csproj", "{A1F64003-2A5B-4E30-9191-8DC4686567E2}"
EndProject
Project("{FAE04EC0-301F-11D3-BF4B-00C04F79EFBC}") = "Bible.Alarm.DbMigration.Tests", "tests\Bible.Alarm.DbMigration.Tests\Bible.Alarm.DbMigration.Tests.csproj", "{7186FB63-17A0-4CD1-8411-F001524172C2}"
EndProject
Project("{FAE04EC0-301F-11D3-BF4B-00C04F79EFBC}") = "Bible.Alarm.IosScreenshotResizer.Tests", "tests\Bible.Alarm.IosScreenshotResizer.Tests\Bible.Alarm.IosScreenshotResizer.Tests.csproj", "{05C36214-4243-4CF9-910A-DBD1E98E7E43}"
EndProject
Project("{FAE04EC0-301F-11D3-BF4B-00C04F79EFBC}") = "Bible.Alarm.Cataloger.Tests", "tests\Bible.Alarm.Cataloger.Tests\Bible.Alarm.Cataloger.Tests.csproj", "{5CF7EFB4-0306-4B57-B1FF-D882F047D693}"
EndProject
Project("{FAE04EC0-301F-11D3-BF4B-00C04F79EFBC}") = "Bible.Alarm.Tests.Android", "tests\Bible.Alarm.Tests.Android\Bible.Alarm.Tests.Android.csproj", "{6F2A4B58-9C3D-4E5F-8A1B-2C3D4E5F6A7B}"
EndProject
Project("{FAE04EC0-301F-11D3-BF4B-00C04F79EFBC}") = "Bible.Alarm.Tests.iOS", "tests\Bible.Alarm.Tests.iOS\Bible.Alarm.Tests.iOS.csproj", "{7B3C5D69-AD4E-4F60-9B2C-3D4E5F6A7B8C}"
EndProject
Project("{2150E333-8FDC-42A3-9474-1A3956D46DE8}") = "tests", "tests", "{F3E5C812-A100-4C76-8C1B-1A2B3C4D5E60}"
	ProjectSection(SolutionItems) = preProject
		tests\README.md = tests\README.md
		tests\run-tests.ps1 = tests\run-tests.ps1
	EndProjectSection
EndProject
Project("{2150E333-8FDC-42A3-9474-1A3956D46DE8}") = "app", "app", "{F3E5C812-A100-4C76-8C1B-1A2B3C4D5E61}"
EndProject
Project("{2150E333-8FDC-42A3-9474-1A3956D46DE8}") = "tools", "tools", "{F3E5C812-A100-4C76-8C1B-1A2B3C4D5E62}"
EndProject
Project("{2150E333-8FDC-42A3-9474-1A3956D46DE8}") = "libraries", "libraries", "{F3E5C812-A100-4C76-8C1B-1A2B3C4D5E63}"
EndProject
Project("{2150E333-8FDC-42A3-9474-1A3956D46DE8}") = "ui", "ui", "{F3E5C812-A100-4C76-8C1B-1A2B3C4D5E64}"
EndProject
Project("{FAE04EC0-301F-11D3-BF4B-00C04F79EFBC}") = "Bible.Alarm.UITests", "tests\Bible.Alarm.UITests\Bible.Alarm.UITests.csproj", "{8A4D5B7E-1F2C-4A9B-9C0D-3E5F8A1B2C4D}"
EndProject
Global
	GlobalSection(SolutionConfigurationPlatforms) = preSolution
		Debug|Any CPU = Debug|Any CPU
		Debug|ARM = Debug|ARM
		Debug|ARM64 = Debug|ARM64
		Debug|iPhone = Debug|iPhone
		Debug|iPhoneSimulator = Debug|iPhoneSimulator
		Debug|x64 = Debug|x64
		Debug|x86 = Debug|x86
		Release|Any CPU = Release|Any CPU
		Release|ARM = Release|ARM
		Release|ARM64 = Release|ARM64
		Release|iPhone = Release|iPhone
		Release|iPhoneSimulator = Release|iPhoneSimulator
		Release|x64 = Release|x64
		Release|x86 = Release|x86
	EndGlobalSection
	GlobalSection(ProjectConfigurationPlatforms) = postSolution
		{8F083081-CE5F-3DD2-A49A-CAAC866C0A5E}.Debug|Any CPU.ActiveCfg = Debug|Any CPU
		{8F083081-CE5F-3DD2-A49A-CAAC866C0A5E}.Debug|Any CPU.Build.0 = Debug|Any CPU
		{8F083081-CE5F-3DD2-A49A-CAAC866C0A5E}.Debug|Any CPU.Deploy.0 = Debug|Any CPU
		{8F083081-CE5F-3DD2-A49A-CAAC866C0A5E}.Debug|ARM.ActiveCfg = Debug|Any CPU
		{8F083081-CE5F-3DD2-A49A-CAAC866C0A5E}.Debug|ARM.Build.0 = Debug|Any CPU
		{8F083081-CE5F-3DD2-A49A-CAAC866C0A5E}.Debug|ARM64.ActiveCfg = Debug|Any CPU
		{8F083081-CE5F-3DD2-A49A-CAAC866C0A5E}.Debug|ARM64.Build.0 = Debug|Any CPU
		{8F083081-CE5F-3DD2-A49A-CAAC866C0A5E}.Debug|iPhone.ActiveCfg = Debug|Any CPU
		{8F083081-CE5F-3DD2-A49A-CAAC866C0A5E}.Debug|iPhone.Build.0 = Debug|Any CPU
		{8F083081-CE5F-3DD2-A49A-CAAC866C0A5E}.Debug|iPhoneSimulator.ActiveCfg = Debug|Any CPU
		{8F083081-CE5F-3DD2-A49A-CAAC866C0A5E}.Debug|iPhoneSimulator.Build.0 = Debug|Any CPU
		{8F083081-CE5F-3DD2-A49A-CAAC866C0A5E}.Debug|x64.ActiveCfg = Debug|Any CPU
		{8F083081-CE5F-3DD2-A49A-CAAC866C0A5E}.Debug|x64.Build.0 = Debug|Any CPU
		{8F083081-CE5F-3DD2-A49A-CAAC866C0A5E}.Debug|x86.ActiveCfg = Debug|Any CPU
		{8F083081-CE5F-3DD2-A49A-CAAC866C0A5E}.Debug|x86.Build.0 = Debug|Any CPU
		{8F083081-CE5F-3DD2-A49A-CAAC866C0A5E}.Release|Any CPU.ActiveCfg = Release|Any CPU
		{8F083081-CE5F-3DD2-A49A-CAAC866C0A5E}.Release|Any CPU.Build.0 = Release|Any CPU
		{8F083081-CE5F-3DD2-A49A-CAAC866C0A5E}.Release|ARM.ActiveCfg = Release|Any CPU
		{8F083081-CE5F-3DD2-A49A-CAAC866C0A5E}.Release|ARM.Build.0 = Release|Any CPU
		{8F083081-CE5F-3DD2-A49A-CAAC866C0A5E}.Release|ARM64.ActiveCfg = Release|Any CPU
		{8F083081-CE5F-3DD2-A49A-CAAC866C0A5E}.Release|ARM64.Build.0 = Release|Any CPU
		{8F083081-CE5F-3DD2-A49A-CAAC866C0A5E}.Release|iPhone.ActiveCfg = Release|Any CPU
		{8F083081-CE5F-3DD2-A49A-CAAC866C0A5E}.Release|iPhone.Build.0 = Release|Any CPU
		{8F083081-CE5F-3DD2-A49A-CAAC866C0A5E}.Release|iPhoneSimulator.ActiveCfg = Release|Any CPU
		{8F083081-CE5F-3DD2-A49A-CAAC866C0A5E}.Release|iPhoneSimulator.Build.0 = Release|Any CPU
		{8F083081-CE5F-3DD2-A49A-CAAC866C0A5E}.Release|x64.ActiveCfg = Release|Any CPU
		{8F083081-CE5F-3DD2-A49A-CAAC866C0A5E}.Release|x64.Build.0 = Release|Any CPU
		{8F083081-CE5F-3DD2-A49A-CAAC866C0A5E}.Release|x86.ActiveCfg = Release|Any CPU
		{8F083081-CE5F-3DD2-A49A-CAAC866C0A5E}.Release|x86.Build.0 = Release|Any CPU
		{034F9129-8C3C-A7B5-65AB-7122B3C70D55}.Debug|Any CPU.ActiveCfg = Debug|Any CPU
		{034F9129-8C3C-A7B5-65AB-7122B3C70D55}.Debug|Any CPU.Build.0 = Debug|Any CPU
		{034F9129-8C3C-A7B5-65AB-7122B3C70D55}.Debug|ARM.ActiveCfg = Debug|Any CPU
		{034F9129-8C3C-A7B5-65AB-7122B3C70D55}.Debug|ARM.Build.0 = Debug|Any CPU
		{034F9129-8C3C-A7B5-65AB-7122B3C70D55}.Debug|ARM64.ActiveCfg = Debug|Any CPU
		{034F9129-8C3C-A7B5-65AB-7122B3C70D55}.Debug|ARM64.Build.0 = Debug|Any CPU
		{034F9129-8C3C-A7B5-65AB-7122B3C70D55}.Debug|iPhone.ActiveCfg = Debug|Any CPU
		{034F9129-8C3C-A7B5-65AB-7122B3C70D55}.Debug|iPhone.Build.0 = Debug|Any CPU
		{034F9129-8C3C-A7B5-65AB-7122B3C70D55}.Debug|iPhoneSimulator.ActiveCfg = Debug|Any CPU
		{034F9129-8C3C-A7B5-65AB-7122B3C70D55}.Debug|iPhoneSimulator.Build.0 = Debug|Any CPU
		{034F9129-8C3C-A7B5-65AB-7122B3C70D55}.Debug|x64.ActiveCfg = Debug|Any CPU
		{034F9129-8C3C-A7B5-65AB-7122B3C70D55}.Debug|x64.Build.0 = Debug|Any CPU
		{034F9129-8C3C-A7B5-65AB-7122B3C70D55}.Debug|x86.ActiveCfg = Debug|Any CPU
		{034F9129-8C3C-A7B5-65AB-7122B3C70D55}.Debug|x86.Build.0 = Debug|Any CPU
		{034F9129-8C3C-A7B5-65AB-7122B3C70D55}.Release|Any CPU.ActiveCfg = Release|Any CPU
		{034F9129-8C3C-A7B5-65AB-7122B3C70D55}.Release|Any CPU.Build.0 = Release|Any CPU
		{034F9129-8C3C-A7B5-65AB-7122B3C70D55}.Release|ARM.ActiveCfg = Release|Any CPU
		{034F9129-8C3C-A7B5-65AB-7122B3C70D55}.Release|ARM.Build.0 = Release|Any CPU
		{034F9129-8C3C-A7B5-65AB-7122B3C70D55}.Release|ARM64.ActiveCfg = Release|Any CPU
		{034F9129-8C3C-A7B5-65AB-7122B3C70D55}.Release|ARM64.Build.0 = Release|Any CPU
		{034F9129-8C3C-A7B5-65AB-7122B3C70D55}.Release|iPhone.ActiveCfg = Release|Any CPU
		{034F9129-8C3C-A7B5-65AB-7122B3C70D55}.Release|iPhone.Build.0 = Release|Any CPU
		{034F9129-8C3C-A7B5-65AB-7122B3C70D55}.Release|iPhoneSimulator.ActiveCfg = Release|Any CPU
		{034F9129-8C3C-A7B5-65AB-7122B3C70D55}.Release|iPhoneSimulator.Build.0 = Release|Any CPU
		{034F9129-8C3C-A7B5-65AB-7122B3C70D55}.Release|x64.ActiveCfg = Release|Any CPU
		{034F9129-8C3C-A7B5-65AB-7122B3C70D55}.Release|x64.Build.0 = Release|Any CPU
		{034F9129-8C3C-A7B5-65AB-7122B3C70D55}.Release|x86.ActiveCfg = Release|Any CPU
		{034F9129-8C3C-A7B5-65AB-7122B3C70D55}.Release|x86.Build.0 = Release|Any CPU
		{75E91A35-8263-4FC2-B8B3-30CCA6A81F2F}.Debug|Any CPU.ActiveCfg = Debug|Any CPU
		{75E91A35-8263-4FC2-B8B3-30CCA6A81F2F}.Debug|Any CPU.Build.0 = Debug|Any CPU
		{75E91A35-8263-4FC2-B8B3-30CCA6A81F2F}.Debug|ARM.ActiveCfg = Debug|Any CPU
		{75E91A35-8263-4FC2-B8B3-30CCA6A81F2F}.Debug|ARM.Build.0 = Debug|Any CPU
		{75E91A35-8263-4FC2-B8B3-30CCA6A81F2F}.Debug|ARM64.ActiveCfg = Debug|Any CPU
		{75E91A35-8263-4FC2-B8B3-30CCA6A81F2F}.Debug|ARM64.Build.0 = Debug|Any CPU
		{75E91A35-8263-4FC2-B8B3-30CCA6A81F2F}.Debug|iPhone.ActiveCfg = Debug|Any CPU
		{75E91A35-8263-4FC2-B8B3-30CCA6A81F2F}.Debug|iPhone.Build.0 = Debug|Any CPU
		{75E91A35-8263-4FC2-B8B3-30CCA6A81F2F}.Debug|iPhoneSimulator.ActiveCfg = Debug|Any CPU
		{75E91A35-8263-4FC2-B8B3-30CCA6A81F2F}.Debug|iPhoneSimulator.Build.0 = Debug|Any CPU
		{75E91A35-8263-4FC2-B8B3-30CCA6A81F2F}.Debug|x64.ActiveCfg = Debug|Any CPU
		{75E91A35-8263-4FC2-B8B3-30CCA6A81F2F}.Debug|x64.Build.0 = Debug|Any CPU
		{75E91A35-8263-4FC2-B8B3-30CCA6A81F2F}.Debug|x86.ActiveCfg = Debug|Any CPU
		{75E91A35-8263-4FC2-B8B3-30CCA6A81F2F}.Debug|x86.Build.0 = Debug|Any CPU
		{75E91A35-8263-4FC2-B8B3-30CCA6A81F2F}.Release|Any CPU.ActiveCfg = Release|Any CPU
		{75E91A35-8263-4FC2-B8B3-30CCA6A81F2F}.Release|Any CPU.Build.0 = Release|Any CPU
		{75E91A35-8263-4FC2-B8B3-30CCA6A81F2F}.Release|ARM.ActiveCfg = Release|Any CPU
		{75E91A35-8263-4FC2-B8B3-30CCA6A81F2F}.Release|ARM.Build.0 = Release|Any CPU
		{75E91A35-8263-4FC2-B8B3-30CCA6A81F2F}.Release|ARM64.ActiveCfg = Release|Any CPU
		{75E91A35-8263-4FC2-B8B3-30CCA6A81F2F}.Release|ARM64.Build.0 = Release|Any CPU
		{75E91A35-8263-4FC2-B8B3-30CCA6A81F2F}.Release|iPhone.ActiveCfg = Release|Any CPU
		{75E91A35-8263-4FC2-B8B3-30CCA6A81F2F}.Release|iPhone.Build.0 = Release|Any CPU
		{75E91A35-8263-4FC2-B8B3-30CCA6A81F2F}.Release|iPhoneSimulator.ActiveCfg = Release|Any CPU
		{75E91A35-8263-4FC2-B8B3-30CCA6A81F2F}.Release|iPhoneSimulator.Build.0 = Release|Any CPU
		{75E91A35-8263-4FC2-B8B3-30CCA6A81F2F}.Release|x64.ActiveCfg = Release|Any CPU
		{75E91A35-8263-4FC2-B8B3-30CCA6A81F2F}.Release|x64.Build.0 = Release|Any CPU
		{75E91A35-8263-4FC2-B8B3-30CCA6A81F2F}.Release|x86.ActiveCfg = Release|Any CPU
		{75E91A35-8263-4FC2-B8B3-30CCA6A81F2F}.Release|x86.Build.0 = Release|Any CPU
		{4659DF73-6481-81A7-FF14-9837F2428071}.Debug|Any CPU.ActiveCfg = Debug|Any CPU
		{4659DF73-6481-81A7-FF14-9837F2428071}.Debug|Any CPU.Build.0 = Debug|Any CPU
		{4659DF73-6481-81A7-FF14-9837F2428071}.Debug|ARM.ActiveCfg = Debug|Any CPU
		{4659DF73-6481-81A7-FF14-9837F2428071}.Debug|ARM.Build.0 = Debug|Any CPU
		{4659DF73-6481-81A7-FF14-9837F2428071}.Debug|ARM64.ActiveCfg = Debug|Any CPU
		{4659DF73-6481-81A7-FF14-9837F2428071}.Debug|ARM64.Build.0 = Debug|Any CPU
		{4659DF73-6481-81A7-FF14-9837F2428071}.Debug|iPhone.ActiveCfg = Debug|Any CPU
		{4659DF73-6481-81A7-FF14-9837F2428071}.Debug|iPhone.Build.0 = Debug|Any CPU
		{4659DF73-6481-81A7-FF14-9837F2428071}.Debug|iPhoneSimulator.ActiveCfg = Debug|Any CPU
		{4659DF73-6481-81A7-FF14-9837F2428071}.Debug|iPhoneSimulator.Build.0 = Debug|Any CPU
		{4659DF73-6481-81A7-FF14-9837F2428071}.Debug|x64.ActiveCfg = Debug|Any CPU
		{4659DF73-6481-81A7-FF14-9837F2428071}.Debug|x64.Build.0 = Debug|Any CPU
		{4659DF73-6481-81A7-FF14-9837F2428071}.Debug|x86.ActiveCfg = Debug|Any CPU
		{4659DF73-6481-81A7-FF14-9837F2428071}.Debug|x86.Build.0 = Debug|Any CPU
		{4659DF73-6481-81A7-FF14-9837F2428071}.Release|Any CPU.ActiveCfg = Release|Any CPU
		{4659DF73-6481-81A7-FF14-9837F2428071}.Release|Any CPU.Build.0 = Release|Any CPU
		{4659DF73-6481-81A7-FF14-9837F2428071}.Release|ARM.ActiveCfg = Release|Any CPU
		{4659DF73-6481-81A7-FF14-9837F2428071}.Release|ARM.Build.0 = Release|Any CPU
		{4659DF73-6481-81A7-FF14-9837F2428071}.Release|ARM64.ActiveCfg = Release|Any CPU
		{4659DF73-6481-81A7-FF14-9837F2428071}.Release|ARM64.Build.0 = Release|Any CPU
		{4659DF73-6481-81A7-FF14-9837F2428071}.Release|iPhone.ActiveCfg = Release|Any CPU
		{4659DF73-6481-81A7-FF14-9837F2428071}.Release|iPhone.Build.0 = Release|Any CPU
		{4659DF73-6481-81A7-FF14-9837F2428071}.Release|iPhoneSimulator.ActiveCfg = Release|Any CPU
		{4659DF73-6481-81A7-FF14-9837F2428071}.Release|iPhoneSimulator.Build.0 = Release|Any CPU
		{4659DF73-6481-81A7-FF14-9837F2428071}.Release|x64.ActiveCfg = Release|Any CPU
		{4659DF73-6481-81A7-FF14-9837F2428071}.Release|x64.Build.0 = Release|Any CPU
		{4659DF73-6481-81A7-FF14-9837F2428071}.Release|x86.ActiveCfg = Release|Any CPU
		{4659DF73-6481-81A7-FF14-9837F2428071}.Release|x86.Build.0 = Release|Any CPU
		{6CC2120F-832B-F17B-4058-C37CD4F91B76}.Debug|Any CPU.ActiveCfg = Debug|Any CPU
		{6CC2120F-832B-F17B-4058-C37CD4F91B76}.Debug|Any CPU.Build.0 = Debug|Any CPU
		{6CC2120F-832B-F17B-4058-C37CD4F91B76}.Debug|ARM.ActiveCfg = Debug|Any CPU
		{6CC2120F-832B-F17B-4058-C37CD4F91B76}.Debug|ARM.Build.0 = Debug|Any CPU
		{6CC2120F-832B-F17B-4058-C37CD4F91B76}.Debug|ARM64.ActiveCfg = Debug|Any CPU
		{6CC2120F-832B-F17B-4058-C37CD4F91B76}.Debug|ARM64.Build.0 = Debug|Any CPU
		{6CC2120F-832B-F17B-4058-C37CD4F91B76}.Debug|iPhone.ActiveCfg = Debug|Any CPU
		{6CC2120F-832B-F17B-4058-C37CD4F91B76}.Debug|iPhone.Build.0 = Debug|Any CPU
		{6CC2120F-832B-F17B-4058-C37CD4F91B76}.Debug|iPhoneSimulator.ActiveCfg = Debug|Any CPU
		{6CC2120F-832B-F17B-4058-C37CD4F91B76}.Debug|iPhoneSimulator.Build.0 = Debug|Any CPU
		{6CC2120F-832B-F17B-4058-C37CD4F91B76}.Debug|x64.ActiveCfg = Debug|Any CPU
		{6CC2120F-832B-F17B-4058-C37CD4F91B76}.Debug|x64.Build.0 = Debug|Any CPU
		{6CC2120F-832B-F17B-4058-C37CD4F91B76}.Debug|x86.ActiveCfg = Debug|Any CPU
		{6CC2120F-832B-F17B-4058-C37CD4F91B76}.Debug|x86.Build.0 = Debug|Any CPU
		{6CC2120F-832B-F17B-4058-C37CD4F91B76}.Release|Any CPU.ActiveCfg = Release|Any CPU
		{6CC2120F-832B-F17B-4058-C37CD4F91B76}.Release|Any CPU.Build.0 = Release|Any CPU
		{6CC2120F-832B-F17B-4058-C37CD4F91B76}.Release|ARM.ActiveCfg = Release|Any CPU
		{6CC2120F-832B-F17B-4058-C37CD4F91B76}.Release|ARM.Build.0 = Release|Any CPU
		{6CC2120F-832B-F17B-4058-C37CD4F91B76}.Release|ARM64.ActiveCfg = Release|Any CPU
		{6CC2120F-832B-F17B-4058-C37CD4F91B76}.Release|ARM64.Build.0 = Release|Any CPU
		{6CC2120F-832B-F17B-4058-C37CD4F91B76}.Release|iPhone.ActiveCfg = Release|Any CPU
		{6CC2120F-832B-F17B-4058-C37CD4F91B76}.Release|iPhone.Build.0 = Release|Any CPU
		{6CC2120F-832B-F17B-4058-C37CD4F91B76}.Release|iPhoneSimulator.ActiveCfg = Release|Any CPU
		{6CC2120F-832B-F17B-4058-C37CD4F91B76}.Release|iPhoneSimulator.Build.0 = Release|Any CPU
		{6CC2120F-832B-F17B-4058-C37CD4F91B76}.Release|x64.ActiveCfg = Release|Any CPU
		{6CC2120F-832B-F17B-4058-C37CD4F91B76}.Release|x64.Build.0 = Release|Any CPU
		{6CC2120F-832B-F17B-4058-C37CD4F91B76}.Release|x86.ActiveCfg = Release|Any CPU
		{6CC2120F-832B-F17B-4058-C37CD4F91B76}.Release|x86.Build.0 = Release|Any CPU
		{D56589AF-ACB1-C3AF-CE59-F59074BA47C6}.Debug|Any CPU.ActiveCfg = Debug|Any CPU
		{D56589AF-ACB1-C3AF-CE59-F59074BA47C6}.Debug|Any CPU.Build.0 = Debug|Any CPU
		{D56589AF-ACB1-C3AF-CE59-F59074BA47C6}.Debug|ARM.ActiveCfg = Debug|Any CPU
		{D56589AF-ACB1-C3AF-CE59-F59074BA47C6}.Debug|ARM.Build.0 = Debug|Any CPU
		{D56589AF-ACB1-C3AF-CE59-F59074BA47C6}.Debug|ARM64.ActiveCfg = Debug|Any CPU
		{D56589AF-ACB1-C3AF-CE59-F59074BA47C6}.Debug|ARM64.Build.0 = Debug|Any CPU
		{D56589AF-ACB1-C3AF-CE59-F59074BA47C6}.Debug|iPhone.ActiveCfg = Debug|Any CPU
		{D56589AF-ACB1-C3AF-CE59-F59074BA47C6}.Debug|iPhone.Build.0 = Debug|Any CPU
		{D56589AF-ACB1-C3AF-CE59-F59074BA47C6}.Debug|iPhoneSimulator.ActiveCfg = Debug|Any CPU
		{D56589AF-ACB1-C3AF-CE59-F59074BA47C6}.Debug|iPhoneSimulator.Build.0 = Debug|Any CPU
		{D56589AF-ACB1-C3AF-CE59-F59074BA47C6}.Debug|x64.ActiveCfg = Debug|Any CPU
		{D56589AF-ACB1-C3AF-CE59-F59074BA47C6}.Debug|x64.Build.0 = Debug|Any CPU
		{D56589AF-ACB1-C3AF-CE59-F59074BA47C6}.Debug|x86.ActiveCfg = Debug|Any CPU
		{D56589AF-ACB1-C3AF-CE59-F59074BA47C6}.Debug|x86.Build.0 = Debug|Any CPU
		{D56589AF-ACB1-C3AF-CE59-F59074BA47C6}.Release|Any CPU.ActiveCfg = Release|Any CPU
		{D56589AF-ACB1-C3AF-CE59-F59074BA47C6}.Release|Any CPU.Build.0 = Release|Any CPU
		{D56589AF-ACB1-C3AF-CE59-F59074BA47C6}.Release|ARM.ActiveCfg = Release|Any CPU
		{D56589AF-ACB1-C3AF-CE59-F59074BA47C6}.Release|ARM.Build.0 = Release|Any CPU
		{D56589AF-ACB1-C3AF-CE59-F59074BA47C6}.Release|ARM64.ActiveCfg = Release|Any CPU
		{D56589AF-ACB1-C3AF-CE59-F59074BA47C6}.Release|ARM64.Build.0 = Release|Any CPU
		{D56589AF-ACB1-C3AF-CE59-F59074BA47C6}.Release|iPhone.ActiveCfg = Release|Any CPU
		{D56589AF-ACB1-C3AF-CE59-F59074BA47C6}.Release|iPhone.Build.0 = Release|Any CPU
		{D56589AF-ACB1-C3AF-CE59-F59074BA47C6}.Release|iPhoneSimulator.ActiveCfg = Release|Any CPU
		{D56589AF-ACB1-C3AF-CE59-F59074BA47C6}.Release|iPhoneSimulator.Build.0 = Release|Any CPU
		{D56589AF-ACB1-C3AF-CE59-F59074BA47C6}.Release|x64.ActiveCfg = Release|Any CPU
		{D56589AF-ACB1-C3AF-CE59-F59074BA47C6}.Release|x64.Build.0 = Release|Any CPU
		{D56589AF-ACB1-C3AF-CE59-F59074BA47C6}.Release|x86.ActiveCfg = Release|Any CPU
		{D56589AF-ACB1-C3AF-CE59-F59074BA47C6}.Release|x86.Build.0 = Release|Any CPU
		{E7A2B4C1-9D3F-4E5A-8B2C-1F6E9D0A3C5B}.Debug|Any CPU.ActiveCfg = Debug|Any CPU
		{E7A2B4C1-9D3F-4E5A-8B2C-1F6E9D0A3C5B}.Debug|Any CPU.Build.0 = Debug|Any CPU
		{E7A2B4C1-9D3F-4E5A-8B2C-1F6E9D0A3C5B}.Debug|ARM.ActiveCfg = Debug|Any CPU
		{E7A2B4C1-9D3F-4E5A-8B2C-1F6E9D0A3C5B}.Debug|ARM.Build.0 = Debug|Any CPU
		{E7A2B4C1-9D3F-4E5A-8B2C-1F6E9D0A3C5B}.Debug|ARM64.ActiveCfg = Debug|Any CPU
		{E7A2B4C1-9D3F-4E5A-8B2C-1F6E9D0A3C5B}.Debug|ARM64.Build.0 = Debug|Any CPU
		{E7A2B4C1-9D3F-4E5A-8B2C-1F6E9D0A3C5B}.Debug|iPhone.ActiveCfg = Debug|Any CPU
		{E7A2B4C1-9D3F-4E5A-8B2C-1F6E9D0A3C5B}.Debug|iPhone.Build.0 = Debug|Any CPU
		{E7A2B4C1-9D3F-4E5A-8B2C-1F6E9D0A3C5B}.Debug|iPhoneSimulator.ActiveCfg = Debug|Any CPU
		{E7A2B4C1-9D3F-4E5A-8B2C-1F6E9D0A3C5B}.Debug|iPhoneSimulator.Build.0 = Debug|Any CPU
		{E7A2B4C1-9D3F-4E5A-8B2C-1F6E9D0A3C5B}.Debug|x64.ActiveCfg = Debug|Any CPU
		{E7A2B4C1-9D3F-4E5A-8B2C-1F6E9D0A3C5B}.Debug|x64.Build.0 = Debug|Any CPU
		{E7A2B4C1-9D3F-4E5A-8B2C-1F6E9D0A3C5B}.Debug|x86.ActiveCfg = Debug|Any CPU
		{E7A2B4C1-9D3F-4E5A-8B2C-1F6E9D0A3C5B}.Debug|x86.Build.0 = Debug|Any CPU
		{E7A2B4C1-9D3F-4E5A-8B2C-1F6E9D0A3C5B}.Release|Any CPU.ActiveCfg = Release|Any CPU
		{E7A2B4C1-9D3F-4E5A-8B2C-1F6E9D0A3C5B}.Release|Any CPU.Build.0 = Release|Any CPU
		{E7A2B4C1-9D3F-4E5A-8B2C-1F6E9D0A3C5B}.Release|ARM.ActiveCfg = Release|Any CPU
		{E7A2B4C1-9D3F-4E5A-8B2C-1F6E9D0A3C5B}.Release|ARM.Build.0 = Release|Any CPU
		{E7A2B4C1-9D3F-4E5A-8B2C-1F6E9D0A3C5B}.Release|ARM64.ActiveCfg = Release|Any CPU
		{E7A2B4C1-9D3F-4E5A-8B2C-1F6E9D0A3C5B}.Release|ARM64.Build.0 = Release|Any CPU
		{E7A2B4C1-9D3F-4E5A-8B2C-1F6E9D0A3C5B}.Release|iPhone.ActiveCfg = Release|Any CPU
		{E7A2B4C1-9D3F-4E5A-8B2C-1F6E9D0A3C5B}.Release|iPhone.Build.0 = Release|Any CPU
		{E7A2B4C1-9D3F-4E5A-8B2C-1F6E9D0A3C5B}.Release|iPhoneSimulator.ActiveCfg = Release|Any CPU
		{E7A2B4C1-9D3F-4E5A-8B2C-1F6E9D0A3C5B}.Release|iPhoneSimulator.Build.0 = Release|Any CPU
		{E7A2B4C1-9D3F-4E5A-8B2C-1F6E9D0A3C5B}.Release|x64.ActiveCfg = Release|Any CPU
		{E7A2B4C1-9D3F-4E5A-8B2C-1F6E9D0A3C5B}.Release|x64.Build.0 = Release|Any CPU
		{E7A2B4C1-9D3F-4E5A-8B2C-1F6E9D0A3C5B}.Release|x86.ActiveCfg = Release|Any CPU
		{E7A2B4C1-9D3F-4E5A-8B2C-1F6E9D0A3C5B}.Release|x86.Build.0 = Release|Any CPU
		{725178B1-F5A4-0DC2-8B21-41922143FBD4}.Debug|Any CPU.ActiveCfg = Debug|Any CPU
		{725178B1-F5A4-0DC2-8B21-41922143FBD4}.Debug|Any CPU.Build.0 = Debug|Any CPU
		{725178B1-F5A4-0DC2-8B21-41922143FBD4}.Debug|ARM.ActiveCfg = Debug|Any CPU
		{725178B1-F5A4-0DC2-8B21-41922143FBD4}.Debug|ARM.Build.0 = Debug|Any CPU
		{725178B1-F5A4-0DC2-8B21-41922143FBD4}.Debug|ARM64.ActiveCfg = Debug|Any CPU
		{725178B1-F5A4-0DC2-8B21-41922143FBD4}.Debug|ARM64.Build.0 = Debug|Any CPU
		{725178B1-F5A4-0DC2-8B21-41922143FBD4}.Debug|iPhone.ActiveCfg = Debug|Any CPU
		{725178B1-F5A4-0DC2-8B21-41922143FBD4}.Debug|iPhone.Build.0 = Debug|Any CPU
		{725178B1-F5A4-0DC2-8B21-41922143FBD4}.Debug|iPhoneSimulator.ActiveCfg = Debug|Any CPU
		{725178B1-F5A4-0DC2-8B21-41922143FBD4}.Debug|iPhoneSimulator.Build.0 = Debug|Any CPU
		{725178B1-F5A4-0DC2-8B21-41922143FBD4}.Debug|x64.ActiveCfg = Debug|Any CPU
		{725178B1-F5A4-0DC2-8B21-41922143FBD4}.Debug|x64.Build.0 = Debug|Any CPU
		{725178B1-F5A4-0DC2-8B21-41922143FBD4}.Debug|x86.ActiveCfg = Debug|Any CPU
		{725178B1-F5A4-0DC2-8B21-41922143FBD4}.Debug|x86.Build.0 = Debug|Any CPU
		{725178B1-F5A4-0DC2-8B21-41922143FBD4}.Release|Any CPU.ActiveCfg = Release|Any CPU
		{725178B1-F5A4-0DC2-8B21-41922143FBD4}.Release|Any CPU.Build.0 = Release|Any CPU
		{725178B1-F5A4-0DC2-8B21-41922143FBD4}.Release|ARM.ActiveCfg = Release|Any CPU
		{725178B1-F5A4-0DC2-8B21-41922143FBD4}.Release|ARM.Build.0 = Release|Any CPU
		{725178B1-F5A4-0DC2-8B21-41922143FBD4}.Release|ARM64.ActiveCfg = Release|Any CPU
		{725178B1-F5A4-0DC2-8B21-41922143FBD4}.Release|ARM64.Build.0 = Release|Any CPU
		{725178B1-F5A4-0DC2-8B21-41922143FBD4}.Release|iPhone.ActiveCfg = Release|Any CPU
		{725178B1-F5A4-0DC2-8B21-41922143FBD4}.Release|iPhone.Build.0 = Release|Any CPU
		{725178B1-F5A4-0DC2-8B21-41922143FBD4}.Release|iPhoneSimulator.ActiveCfg = Release|Any CPU
		{725178B1-F5A4-0DC2-8B21-41922143FBD4}.Release|iPhoneSimulator.Build.0 = Release|Any CPU
		{725178B1-F5A4-0DC2-8B21-41922143FBD4}.Release|x64.ActiveCfg = Release|Any CPU
		{725178B1-F5A4-0DC2-8B21-41922143FBD4}.Release|x64.Build.0 = Release|Any CPU
		{725178B1-F5A4-0DC2-8B21-41922143FBD4}.Release|x86.ActiveCfg = Release|Any CPU
		{725178B1-F5A4-0DC2-8B21-41922143FBD4}.Release|x86.Build.0 = Release|Any CPU
		{B1B73671-E8C7-4BE9-B748-C25E8FCC38A2}.Debug|Any CPU.ActiveCfg = Debug|Any CPU
		{B1B73671-E8C7-4BE9-B748-C25E8FCC38A2}.Debug|Any CPU.Build.0 = Debug|Any CPU
		{B1B73671-E8C7-4BE9-B748-C25E8FCC38A2}.Debug|ARM.ActiveCfg = Debug|Any CPU
		{B1B73671-E8C7-4BE9-B748-C25E8FCC38A2}.Debug|ARM.Build.0 = Debug|Any CPU
		{B1B73671-E8C7-4BE9-B748-C25E8FCC38A2}.Debug|ARM64.ActiveCfg = Debug|Any CPU
		{B1B73671-E8C7-4BE9-B748-C25E8FCC38A2}.Debug|ARM64.Build.0 = Debug|Any CPU
		{B1B73671-E8C7-4BE9-B748-C25E8FCC38A2}.Debug|iPhone.ActiveCfg = Debug|Any CPU
		{B1B73671-E8C7-4BE9-B748-C25E8FCC38A2}.Debug|iPhone.Build.0 = Debug|Any CPU
		{B1B73671-E8C7-4BE9-B748-C25E8FCC38A2}.Debug|iPhoneSimulator.ActiveCfg = Debug|Any CPU
		{B1B73671-E8C7-4BE9-B748-C25E8FCC38A2}.Debug|iPhoneSimulator.Build.0 = Debug|Any CPU
		{B1B73671-E8C7-4BE9-B748-C25E8FCC38A2}.Debug|x64.ActiveCfg = Debug|Any CPU
		{B1B73671-E8C7-4BE9-B748-C25E8FCC38A2}.Debug|x64.Build.0 = Debug|Any CPU
		{B1B73671-E8C7-4BE9-B748-C25E8FCC38A2}.Debug|x86.ActiveCfg = Debug|Any CPU
		{B1B73671-E8C7-4BE9-B748-C25E8FCC38A2}.Debug|x86.Build.0 = Debug|Any CPU
		{B1B73671-E8C7-4BE9-B748-C25E8FCC38A2}.Release|Any CPU.ActiveCfg = Release|Any CPU
		{B1B73671-E8C7-4BE9-B748-C25E8FCC38A2}.Release|Any CPU.Build.0 = Release|Any CPU
		{B1B73671-E8C7-4BE9-B748-C25E8FCC38A2}.Release|ARM.ActiveCfg = Release|Any CPU
		{B1B73671-E8C7-4BE9-B748-C25E8FCC38A2}.Release|ARM.Build.0 = Release|Any CPU
		{B1B73671-E8C7-4BE9-B748-C25E8FCC38A2}.Release|ARM64.ActiveCfg = Release|Any CPU
		{B1B73671-E8C7-4BE9-B748-C25E8FCC38A2}.Release|ARM64.Build.0 = Release|Any CPU
		{B1B73671-E8C7-4BE9-B748-C25E8FCC38A2}.Release|iPhone.ActiveCfg = Release|Any CPU
		{B1B73671-E8C7-4BE9-B748-C25E8FCC38A2}.Release|iPhone.Build.0 = Release|Any CPU
		{B1B73671-E8C7-4BE9-B748-C25E8FCC38A2}.Release|iPhoneSimulator.ActiveCfg = Release|Any CPU
		{B1B73671-E8C7-4BE9-B748-C25E8FCC38A2}.Release|iPhoneSimulator.Build.0 = Release|Any CPU
		{B1B73671-E8C7-4BE9-B748-C25E8FCC38A2}.Release|x64.ActiveCfg = Release|Any CPU
		{B1B73671-E8C7-4BE9-B748-C25E8FCC38A2}.Release|x64.Build.0 = Release|Any CPU
		{B1B73671-E8C7-4BE9-B748-C25E8FCC38A2}.Release|x86.ActiveCfg = Release|Any CPU
		{B1B73671-E8C7-4BE9-B748-C25E8FCC38A2}.Release|x86.Build.0 = Release|Any CPU
		{A420ACCE-7B76-4412-9011-C9A86223894D}.Debug|Any CPU.ActiveCfg = Debug|Any CPU
		{A420ACCE-7B76-4412-9011-C9A86223894D}.Debug|Any CPU.Build.0 = Debug|Any CPU
		{A420ACCE-7B76-4412-9011-C9A86223894D}.Debug|ARM.ActiveCfg = Debug|Any CPU
		{A420ACCE-7B76-4412-9011-C9A86223894D}.Debug|ARM.Build.0 = Debug|Any CPU
		{A420ACCE-7B76-4412-9011-C9A86223894D}.Debug|ARM64.ActiveCfg = Debug|Any CPU
		{A420ACCE-7B76-4412-9011-C9A86223894D}.Debug|ARM64.Build.0 = Debug|Any CPU
		{A420ACCE-7B76-4412-9011-C9A86223894D}.Debug|iPhone.ActiveCfg = Debug|Any CPU
		{A420ACCE-7B76-4412-9011-C9A86223894D}.Debug|iPhone.Build.0 = Debug|Any CPU
		{A420ACCE-7B76-4412-9011-C9A86223894D}.Debug|iPhoneSimulator.ActiveCfg = Debug|Any CPU
		{A420ACCE-7B76-4412-9011-C9A86223894D}.Debug|iPhoneSimulator.Build.0 = Debug|Any CPU
		{A420ACCE-7B76-4412-9011-C9A86223894D}.Debug|x64.ActiveCfg = Debug|Any CPU
		{A420ACCE-7B76-4412-9011-C9A86223894D}.Debug|x64.Build.0 = Debug|Any CPU
		{A420ACCE-7B76-4412-9011-C9A86223894D}.Debug|x86.ActiveCfg = Debug|Any CPU
		{A420ACCE-7B76-4412-9011-C9A86223894D}.Debug|x86.Build.0 = Debug|Any CPU
		{A420ACCE-7B76-4412-9011-C9A86223894D}.Release|Any CPU.ActiveCfg = Release|Any CPU
		{A420ACCE-7B76-4412-9011-C9A86223894D}.Release|Any CPU.Build.0 = Release|Any CPU
		{A420ACCE-7B76-4412-9011-C9A86223894D}.Release|ARM.ActiveCfg = Release|Any CPU
		{A420ACCE-7B76-4412-9011-C9A86223894D}.Release|ARM.Build.0 = Release|Any CPU
		{A420ACCE-7B76-4412-9011-C9A86223894D}.Release|ARM64.ActiveCfg = Release|Any CPU
		{A420ACCE-7B76-4412-9011-C9A86223894D}.Release|ARM64.Build.0 = Release|Any CPU
		{A420ACCE-7B76-4412-9011-C9A86223894D}.Release|iPhone.ActiveCfg = Release|Any CPU
		{A420ACCE-7B76-4412-9011-C9A86223894D}.Release|iPhone.Build.0 = Release|Any CPU
		{A420ACCE-7B76-4412-9011-C9A86223894D}.Release|iPhoneSimulator.ActiveCfg = Release|Any CPU
		{A420ACCE-7B76-4412-9011-C9A86223894D}.Release|iPhoneSimulator.Build.0 = Release|Any CPU
		{A420ACCE-7B76-4412-9011-C9A86223894D}.Release|x64.ActiveCfg = Release|Any CPU
		{A420ACCE-7B76-4412-9011-C9A86223894D}.Release|x64.Build.0 = Release|Any CPU
		{A420ACCE-7B76-4412-9011-C9A86223894D}.Release|x86.ActiveCfg = Release|Any CPU
		{A420ACCE-7B76-4412-9011-C9A86223894D}.Release|x86.Build.0 = Release|Any CPU
		{A1F64003-2A5B-4E30-9191-8DC4686567E2}.Debug|Any CPU.ActiveCfg = Debug|Any CPU
		{A1F64003-2A5B-4E30-9191-8DC4686567E2}.Debug|Any CPU.Build.0 = Debug|Any CPU
		{A1F64003-2A5B-4E30-9191-8DC4686567E2}.Debug|ARM.ActiveCfg = Debug|Any CPU
		{A1F64003-2A5B-4E30-9191-8DC4686567E2}.Debug|ARM.Build.0 = Debug|Any CPU
		{A1F64003-2A5B-4E30-9191-8DC4686567E2}.Debug|ARM64.ActiveCfg = Debug|Any CPU
		{A1F64003-2A5B-4E30-9191-8DC4686567E2}.Debug|ARM64.Build.0 = Debug|Any CPU
		{A1F64003-2A5B-4E30-9191-8DC4686567E2}.Debug|iPhone.ActiveCfg = Debug|Any CPU
		{A1F64003-2A5B-4E30-9191-8DC4686567E2}.Debug|iPhone.Build.0 = Debug|Any CPU
		{A1F64003-2A5B-4E30-9191-8DC4686567E2}.Debug|iPhoneSimulator.ActiveCfg = Debug|Any CPU
		{A1F64003-2A5B-4E30-9191-8DC4686567E2}.Debug|iPhoneSimulator.Build.0 = Debug|Any CPU
		{A1F64003-2A5B-4E30-9191-8DC4686567E2}.Debug|x64.ActiveCfg = Debug|Any CPU
		{A1F64003-2A5B-4E30-9191-8DC4686567E2}.Debug|x64.Build.0 = Debug|Any CPU
		{A1F64003-2A5B-4E30-9191-8DC4686567E2}.Debug|x86.ActiveCfg = Debug|Any CPU
		{A1F64003-2A5B-4E30-9191-8DC4686567E2}.Debug|x86.Build.0 = Debug|Any CPU
		{A1F64003-2A5B-4E30-9191-8DC4686567E2}.Release|Any CPU.ActiveCfg = Release|Any CPU
		{A1F64003-2A5B-4E30-9191-8DC4686567E2}.Release|Any CPU.Build.0 = Release|Any CPU
		{A1F64003-2A5B-4E30-9191-8DC4686567E2}.Release|ARM.ActiveCfg = Release|Any CPU
		{A1F64003-2A5B-4E30-9191-8DC4686567E2}.Release|ARM.Build.0 = Release|Any CPU
		{A1F64003-2A5B-4E30-9191-8DC4686567E2}.Release|ARM64.ActiveCfg = Release|Any CPU
		{A1F64003-2A5B-4E30-9191-8DC4686567E2}.Release|ARM64.Build.0 = Release|Any CPU
		{A1F64003-2A5B-4E30-9191-8DC4686567E2}.Release|iPhone.ActiveCfg = Release|Any CPU
		{A1F64003-2A5B-4E30-9191-8DC4686567E2}.Release|iPhone.Build.0 = Release|Any CPU
		{A1F64003-2A5B-4E30-9191-8DC4686567E2}.Release|iPhoneSimulator.ActiveCfg = Release|Any CPU
		{A1F64003-2A5B-4E30-9191-8DC4686567E2}.Release|iPhoneSimulator.Build.0 = Release|Any CPU
		{A1F64003-2A5B-4E30-9191-8DC4686567E2}.Release|x64.ActiveCfg = Release|Any CPU
		{A1F64003-2A5B-4E30-9191-8DC4686567E2}.Release|x64.Build.0 = Release|Any CPU
		{A1F64003-2A5B-4E30-9191-8DC4686567E2}.Release|x86.ActiveCfg = Release|Any CPU
		{A1F64003-2A5B-4E30-9191-8DC4686567E2}.Release|x86.Build.0 = Release|Any CPU
		{7186FB63-17A0-4CD1-8411-F001524172C2}.Debug|Any CPU.ActiveCfg = Debug|Any CPU
		{7186FB63-17A0-4CD1-8411-F001524172C2}.Debug|Any CPU.Build.0 = Debug|Any CPU
		{7186FB63-17A0-4CD1-8411-F001524172C2}.Debug|ARM.ActiveCfg = Debug|Any CPU
		{7186FB63-17A0-4CD1-8411-F001524172C2}.Debug|ARM.Build.0 = Debug|Any CPU
		{7186FB63-17A0-4CD1-8411-F001524172C2}.Debug|ARM64.ActiveCfg = Debug|Any CPU
		{7186FB63-17A0-4CD1-8411-F001524172C2}.Debug|ARM64.Build.0 = Debug|Any CPU
		{7186FB63-17A0-4CD1-8411-F001524172C2}.Debug|iPhone.ActiveCfg = Debug|Any CPU
		{7186FB63-17A0-4CD1-8411-F001524172C2}.Debug|iPhone.Build.0 = Debug|Any CPU
		{7186FB63-17A0-4CD1-8411-F001524172C2}.Debug|iPhoneSimulator.ActiveCfg = Debug|Any CPU
		{7186FB63-17A0-4CD1-8411-F001524172C2}.Debug|iPhoneSimulator.Build.0 = Debug|Any CPU
		{7186FB63-17A0-4CD1-8411-F001524172C2}.Debug|x64.ActiveCfg = Debug|Any CPU
		{7186FB63-17A0-4CD1-8411-F001524172C2}.Debug|x64.Build.0 = Debug|Any CPU
		{7186FB63-17A0-4CD1-8411-F001524172C2}.Debug|x86.ActiveCfg = Debug|Any CPU
		{7186FB63-17A0-4CD1-8411-F001524172C2}.Debug|x86.Build.0 = Debug|Any CPU
		{7186FB63-17A0-4CD1-8411-F001524172C2}.Release|Any CPU.ActiveCfg = Release|Any CPU
		{7186FB63-17A0-4CD1-8411-F001524172C2}.Release|Any CPU.Build.0 = Release|Any CPU
		{7186FB63-17A0-4CD1-8411-F001524172C2}.Release|ARM.ActiveCfg = Release|Any CPU
		{7186FB63-17A0-4CD1-8411-F001524172C2}.Release|ARM.Build.0 = Release|Any CPU
		{7186FB63-17A0-4CD1-8411-F001524172C2}.Release|ARM64.ActiveCfg = Release|Any CPU
		{7186FB63-17A0-4CD1-8411-F001524172C2}.Release|ARM64.Build.0 = Release|Any CPU
		{7186FB63-17A0-4CD1-8411-F001524172C2}.Release|iPhone.ActiveCfg = Release|Any CPU
		{7186FB63-17A0-4CD1-8411-F001524172C2}.Release|iPhone.Build.0 = Release|Any CPU
		{7186FB63-17A0-4CD1-8411-F001524172C2}.Release|iPhoneSimulator.ActiveCfg = Release|Any CPU
		{7186FB63-17A0-4CD1-8411-F001524172C2}.Release|iPhoneSimulator.Build.0 = Release|Any CPU
		{7186FB63-17A0-4CD1-8411-F001524172C2}.Release|x64.ActiveCfg = Release|Any CPU
		{7186FB63-17A0-4CD1-8411-F001524172C2}.Release|x64.Build.0 = Release|Any CPU
		{7186FB63-17A0-4CD1-8411-F001524172C2}.Release|x86.ActiveCfg = Release|Any CPU
		{7186FB63-17A0-4CD1-8411-F001524172C2}.Release|x86.Build.0 = Release|Any CPU
		{05C36214-4243-4CF9-910A-DBD1E98E7E43}.Debug|Any CPU.ActiveCfg = Debug|Any CPU
		{05C36214-4243-4CF9-910A-DBD1E98E7E43}.Debug|Any CPU.Build.0 = Debug|Any CPU
		{05C36214-4243-4CF9-910A-DBD1E98E7E43}.Debug|ARM.ActiveCfg = Debug|Any CPU
		{05C36214-4243-4CF9-910A-DBD1E98E7E43}.Debug|ARM.Build.0 = Debug|Any CPU
		{05C36214-4243-4CF9-910A-DBD1E98E7E43}.Debug|ARM64.ActiveCfg = Debug|Any CPU
		{05C36214-4243-4CF9-910A-DBD1E98E7E43}.Debug|ARM64.Build.0 = Debug|Any CPU
		{05C36214-4243-4CF9-910A-DBD1E98E7E43}.Debug|iPhone.ActiveCfg = Debug|Any CPU
		{05C36214-4243-4CF9-910A-DBD1E98E7E43}.Debug|iPhone.Build.0 = Debug|Any CPU
		{05C36214-4243-4CF9-910A-DBD1E98E7E43}.Debug|iPhoneSimulator.ActiveCfg = Debug|Any CPU
		{05C36214-4243-4CF9-910A-DBD1E98E7E43}.Debug|iPhoneSimulator.Build.0 = Debug|Any CPU
		{05C36214-4243-4CF9-910A-DBD1E98E7E43}.Debug|x64.ActiveCfg = Debug|Any CPU
		{05C36214-4243-4CF9-910A-DBD1E98E7E43}.Debug|x64.Build.0 = Debug|Any CPU
		{05C36214-4243-4CF9-910A-DBD1E98E7E43}.Debug|x86.ActiveCfg = Debug|Any CPU
		{05C36214-4243-4CF9-910A-DBD1E98E7E43}.Debug|x86.Build.0 = Debug|Any CPU
		{05C36214-4243-4CF9-910A-DBD1E98E7E43}.Release|Any CPU.ActiveCfg = Release|Any CPU
		{05C36214-4243-4CF9-910A-DBD1E98E7E43}.Release|Any CPU.Build.0 = Release|Any CPU
		{05C36214-4243-4CF9-910A-DBD1E98E7E43}.Release|ARM.ActiveCfg = Release|Any CPU
		{05C36214-4243-4CF9-910A-DBD1E98E7E43}.Release|ARM.Build.0 = Release|Any CPU
		{05C36214-4243-4CF9-910A-DBD1E98E7E43}.Release|ARM64.ActiveCfg = Release|Any CPU
		{05C36214-4243-4CF9-910A-DBD1E98E7E43}.Release|ARM64.Build.0 = Release|Any CPU
		{05C36214-4243-4CF9-910A-DBD1E98E7E43}.Release|iPhone.ActiveCfg = Release|Any CPU
		{05C36214-4243-4CF9-910A-DBD1E98E7E43}.Release|iPhone.Build.0 = Release|Any CPU
		{05C36214-4243-4CF9-910A-DBD1E98E7E43}.Release|iPhoneSimulator.ActiveCfg = Release|Any CPU
		{05C36214-4243-4CF9-910A-DBD1E98E7E43}.Release|iPhoneSimulator.Build.0 = Release|Any CPU
		{05C36214-4243-4CF9-910A-DBD1E98E7E43}.Release|x64.ActiveCfg = Release|Any CPU
		{05C36214-4243-4CF9-910A-DBD1E98E7E43}.Release|x64.Build.0 = Release|Any CPU
		{05C36214-4243-4CF9-910A-DBD1E98E7E43}.Release|x86.ActiveCfg = Release|Any CPU
		{05C36214-4243-4CF9-910A-DBD1E98E7E43}.Release|x86.Build.0 = Release|Any CPU
		{5CF7EFB4-0306-4B57-B1FF-D882F047D693}.Debug|Any CPU.ActiveCfg = Debug|Any CPU
		{5CF7EFB4-0306-4B57-B1FF-D882F047D693}.Debug|Any CPU.Build.0 = Debug|Any CPU
		{5CF7EFB4-0306-4B57-B1FF-D882F047D693}.Debug|ARM.ActiveCfg = Debug|Any CPU
		{5CF7EFB4-0306-4B57-B1FF-D882F047D693}.Debug|ARM.Build.0 = Debug|Any CPU
		{5CF7EFB4-0306-4B57-B1FF-D882F047D693}.Debug|ARM64.ActiveCfg = Debug|Any CPU
		{5CF7EFB4-0306-4B57-B1FF-D882F047D693}.Debug|ARM64.Build.0 = Debug|Any CPU
		{5CF7EFB4-0306-4B57-B1FF-D882F047D693}.Debug|iPhone.ActiveCfg = Debug|Any CPU
		{5CF7EFB4-0306-4B57-B1FF-D882F047D693}.Debug|iPhone.Build.0 = Debug|Any CPU
		{5CF7EFB4-0306-4B57-B1FF-D882F047D693}.Debug|iPhoneSimulator.ActiveCfg = Debug|Any CPU
		{5CF7EFB4-0306-4B57-B1FF-D882F047D693}.Debug|iPhoneSimulator.Build.0 = Debug|Any CPU
		{5CF7EFB4-0306-4B57-B1FF-D882F047D693}.Debug|x64.ActiveCfg = Debug|Any CPU
		{5CF7EFB4-0306-4B57-B1FF-D882F047D693}.Debug|x64.Build.0 = Debug|Any CPU
		{5CF7EFB4-0306-4B57-B1FF-D882F047D693}.Debug|x86.ActiveCfg = Debug|Any CPU
		{5CF7EFB4-0306-4B57-B1FF-D882F047D693}.Debug|x86.Build.0 = Debug|Any CPU
		{5CF7EFB4-0306-4B57-B1FF-D882F047D693}.Release|Any CPU.ActiveCfg = Release|Any CPU
		{5CF7EFB4-0306-4B57-B1FF-D882F047D693}.Release|Any CPU.Build.0 = Release|Any CPU
		{5CF7EFB4-0306-4B57-B1FF-D882F047D693}.Release|ARM.ActiveCfg = Release|Any CPU
		{5CF7EFB4-0306-4B57-B1FF-D882F047D693}.Release|ARM.Build.0 = Release|Any CPU
		{5CF7EFB4-0306-4B57-B1FF-D882F047D693}.Release|ARM64.ActiveCfg = Release|Any CPU
		{5CF7EFB4-0306-4B57-B1FF-D882F047D693}.Release|ARM64.Build.0 = Release|Any CPU
		{5CF7EFB4-0306-4B57-B1FF-D882F047D693}.Release|iPhone.ActiveCfg = Release|Any CPU
		{5CF7EFB4-0306-4B57-B1FF-D882F047D693}.Release|iPhone.Build.0 = Release|Any CPU
		{5CF7EFB4-0306-4B57-B1FF-D882F047D693}.Release|iPhoneSimulator.ActiveCfg = Release|Any CPU
		{5CF7EFB4-0306-4B57-B1FF-D882F047D693}.Release|iPhoneSimulator.Build.0 = Release|Any CPU
		{5CF7EFB4-0306-4B57-B1FF-D882F047D693}.Release|x64.ActiveCfg = Release|Any CPU
		{5CF7EFB4-0306-4B57-B1FF-D882F047D693}.Release|x64.Build.0 = Release|Any CPU
		{5CF7EFB4-0306-4B57-B1FF-D882F047D693}.Release|x86.ActiveCfg = Release|Any CPU
		{5CF7EFB4-0306-4B57-B1FF-D882F047D693}.Release|x86.Build.0 = Release|Any CPU
		{6F2A4B58-9C3D-4E5F-8A1B-2C3D4E5F6A7B}.Debug|Any CPU.ActiveCfg = Debug|Any CPU
		{6F2A4B58-9C3D-4E5F-8A1B-2C3D4E5F6A7B}.Debug|Any CPU.Build.0 = Debug|Any CPU
		{6F2A4B58-9C3D-4E5F-8A1B-2C3D4E5F6A7B}.Debug|ARM.ActiveCfg = Debug|Any CPU
		{6F2A4B58-9C3D-4E5F-8A1B-2C3D4E5F6A7B}.Debug|ARM.Build.0 = Debug|Any CPU
		{6F2A4B58-9C3D-4E5F-8A1B-2C3D4E5F6A7B}.Debug|ARM64.ActiveCfg = Debug|Any CPU
		{6F2A4B58-9C3D-4E5F-8A1B-2C3D4E5F6A7B}.Debug|ARM64.Build.0 = Debug|Any CPU
		{6F2A4B58-9C3D-4E5F-8A1B-2C3D4E5F6A7B}.Debug|iPhone.ActiveCfg = Debug|Any CPU
		{6F2A4B58-9C3D-4E5F-8A1B-2C3D4E5F6A7B}.Debug|iPhone.Build.0 = Debug|Any CPU
		{6F2A4B58-9C3D-4E5F-8A1B-2C3D4E5F6A7B}.Debug|iPhoneSimulator.ActiveCfg = Debug|Any CPU
		{6F2A4B58-9C3D-4E5F-8A1B-2C3D4E5F6A7B}.Debug|iPhoneSimulator.Build.0 = Debug|Any CPU
		{6F2A4B58-9C3D-4E5F-8A1B-2C3D4E5F6A7B}.Debug|x64.ActiveCfg = Debug|Any CPU
		{6F2A4B58-9C3D-4E5F-8A1B-2C3D4E5F6A7B}.Debug|x64.Build.0 = Debug|Any CPU
		{6F2A4B58-9C3D-4E5F-8A1B-2C3D4E5F6A7B}.Debug|x86.ActiveCfg = Debug|Any CPU
		{6F2A4B58-9C3D-4E5F-8A1B-2C3D4E5F6A7B}.Debug|x86.Build.0 = Debug|Any CPU
		{6F2A4B58-9C3D-4E5F-8A1B-2C3D4E5F6A7B}.Release|Any CPU.ActiveCfg = Release|Any CPU
		{6F2A4B58-9C3D-4E5F-8A1B-2C3D4E5F6A7B}.Release|Any CPU.Build.0 = Release|Any CPU
		{6F2A4B58-9C3D-4E5F-8A1B-2C3D4E5F6A7B}.Release|ARM.ActiveCfg = Release|Any CPU
		{6F2A4B58-9C3D-4E5F-8A1B-2C3D4E5F6A7B}.Release|ARM.Build.0 = Release|Any CPU
		{6F2A4B58-9C3D-4E5F-8A1B-2C3D4E5F6A7B}.Release|ARM64.ActiveCfg = Release|Any CPU
		{6F2A4B58-9C3D-4E5F-8A1B-2C3D4E5F6A7B}.Release|ARM64.Build.0 = Release|Any CPU
		{6F2A4B58-9C3D-4E5F-8A1B-2C3D4E5F6A7B}.Release|iPhone.ActiveCfg = Release|Any CPU
		{6F2A4B58-9C3D-4E5F-8A1B-2C3D4E5F6A7B}.Release|iPhone.Build.0 = Release|Any CPU
		{6F2A4B58-9C3D-4E5F-8A1B-2C3D4E5F6A7B}.Release|iPhoneSimulator.ActiveCfg = Release|Any CPU
		{6F2A4B58-9C3D-4E5F-8A1B-2C3D4E5F6A7B}.Release|iPhoneSimulator.Build.0 = Release|Any CPU
		{6F2A4B58-9C3D-4E5F-8A1B-2C3D4E5F6A7B}.Release|x64.ActiveCfg = Release|Any CPU
		{6F2A4B58-9C3D-4E5F-8A1B-2C3D4E5F6A7B}.Release|x64.Build.0 = Release|Any CPU
		{6F2A4B58-9C3D-4E5F-8A1B-2C3D4E5F6A7B}.Release|x86.ActiveCfg = Release|Any CPU
		{6F2A4B58-9C3D-4E5F-8A1B-2C3D4E5F6A7B}.Release|x86.Build.0 = Release|Any CPU
		{7B3C5D69-AD4E-4F60-9B2C-3D4E5F6A7B8C}.Debug|Any CPU.ActiveCfg = Debug|Any CPU
		{7B3C5D69-AD4E-4F60-9B2C-3D4E5F6A7B8C}.Debug|Any CPU.Build.0 = Debug|Any CPU
		{7B3C5D69-AD4E-4F60-9B2C-3D4E5F6A7B8C}.Debug|ARM.ActiveCfg = Debug|Any CPU
		{7B3C5D69-AD4E-4F60-9B2C-3D4E5F6A7B8C}.Debug|ARM.Build.0 = Debug|Any CPU
		{7B3C5D69-AD4E-4F60-9B2C-3D4E5F6A7B8C}.Debug|ARM64.ActiveCfg = Debug|Any CPU
		{7B3C5D69-AD4E-4F60-9B2C-3D4E5F6A7B8C}.Debug|ARM64.Build.0 = Debug|Any CPU
		{7B3C5D69-AD4E-4F60-9B2C-3D4E5F6A7B8C}.Debug|iPhone.ActiveCfg = Debug|Any CPU
		{7B3C5D69-AD4E-4F60-9B2C-3D4E5F6A7B8C}.Debug|iPhone.Build.0 = Debug|Any CPU
		{7B3C5D69-AD4E-4F60-9B2C-3D4E5F6A7B8C}.Debug|iPhoneSimulator.ActiveCfg = Debug|Any CPU
		{7B3C5D69-AD4E-4F60-9B2C-3D4E5F6A7B8C}.Debug|iPhoneSimulator.Build.0 = Debug|Any CPU
		{7B3C5D69-AD4E-4F60-9B2C-3D4E5F6A7B8C}.Debug|x64.ActiveCfg = Debug|Any CPU
		{7B3C5D69-AD4E-4F60-9B2C-3D4E5F6A7B8C}.Debug|x64.Build.0 = Debug|Any CPU
		{7B3C5D69-AD4E-4F60-9B2C-3D4E5F6A7B8C}.Debug|x86.ActiveCfg = Debug|Any CPU
		{7B3C5D69-AD4E-4F60-9B2C-3D4E5F6A7B8C}.Debug|x86.Build.0 = Debug|Any CPU
		{7B3C5D69-AD4E-4F60-9B2C-3D4E5F6A7B8C}.Release|Any CPU.ActiveCfg = Release|Any CPU
		{7B3C5D69-AD4E-4F60-9B2C-3D4E5F6A7B8C}.Release|Any CPU.Build.0 = Release|Any CPU
		{7B3C5D69-AD4E-4F60-9B2C-3D4E5F6A7B8C}.Release|ARM.ActiveCfg = Release|Any CPU
		{7B3C5D69-AD4E-4F60-9B2C-3D4E5F6A7B8C}.Release|ARM.Build.0 = Release|Any CPU
		{7B3C5D69-AD4E-4F60-9B2C-3D4E5F6A7B8C}.Release|ARM64.ActiveCfg = Release|Any CPU
		{7B3C5D69-AD4E-4F60-9B2C-3D4E5F6A7B8C}.Release|ARM64.Build.0 = Release|Any CPU
		{7B3C5D69-AD4E-4F60-9B2C-3D4E5F6A7B8C}.Release|iPhone.ActiveCfg = Release|Any CPU
		{7B3C5D69-AD4E-4F60-9B2C-3D4E5F6A7B8C}.Release|iPhone.Build.0 = Release|Any CPU
		{7B3C5D69-AD4E-4F60-9B2C-3D4E5F6A7B8C}.Release|iPhoneSimulator.ActiveCfg = Release|Any CPU
		{7B3C5D69-AD4E-4F60-9B2C-3D4E5F6A7B8C}.Release|iPhoneSimulator.Build.0 = Release|Any CPU
		{7B3C5D69-AD4E-4F60-9B2C-3D4E5F6A7B8C}.Release|x64.ActiveCfg = Release|Any CPU
		{7B3C5D69-AD4E-4F60-9B2C-3D4E5F6A7B8C}.Release|x64.Build.0 = Release|Any CPU
		{7B3C5D69-AD4E-4F60-9B2C-3D4E5F6A7B8C}.Release|x86.ActiveCfg = Release|Any CPU
		{7B3C5D69-AD4E-4F60-9B2C-3D4E5F6A7B8C}.Release|x86.Build.0 = Release|Any CPU
		{8A4D5B7E-1F2C-4A9B-9C0D-3E5F8A1B2C4D}.Debug|Any CPU.ActiveCfg = Debug|Any CPU
		{8A4D5B7E-1F2C-4A9B-9C0D-3E5F8A1B2C4D}.Debug|Any CPU.Build.0 = Debug|Any CPU
		{8A4D5B7E-1F2C-4A9B-9C0D-3E5F8A1B2C4D}.Debug|ARM.ActiveCfg = Debug|Any CPU
		{8A4D5B7E-1F2C-4A9B-9C0D-3E5F8A1B2C4D}.Debug|ARM.Build.0 = Debug|Any CPU
		{8A4D5B7E-1F2C-4A9B-9C0D-3E5F8A1B2C4D}.Debug|ARM64.ActiveCfg = Debug|Any CPU
		{8A4D5B7E-1F2C-4A9B-9C0D-3E5F8A1B2C4D}.Debug|ARM64.Build.0 = Debug|Any CPU
		{8A4D5B7E-1F2C-4A9B-9C0D-3E5F8A1B2C4D}.Debug|iPhone.ActiveCfg = Debug|Any CPU
		{8A4D5B7E-1F2C-4A9B-9C0D-3E5F8A1B2C4D}.Debug|iPhone.Build.0 = Debug|Any CPU
		{8A4D5B7E-1F2C-4A9B-9C0D-3E5F8A1B2C4D}.Debug|iPhoneSimulator.ActiveCfg = Debug|Any CPU
		{8A4D5B7E-1F2C-4A9B-9C0D-3E5F8A1B2C4D}.Debug|iPhoneSimulator.Build.0 = Debug|Any CPU
		{8A4D5B7E-1F2C-4A9B-9C0D-3E5F8A1B2C4D}.Debug|x64.ActiveCfg = Debug|Any CPU
		{8A4D5B7E-1F2C-4A9B-9C0D-3E5F8A1B2C4D}.Debug|x64.Build.0 = Debug|Any CPU
		{8A4D5B7E-1F2C-4A9B-9C0D-3E5F8A1B2C4D}.Debug|x86.ActiveCfg = Debug|Any CPU
		{8A4D5B7E-1F2C-4A9B-9C0D-3E5F8A1B2C4D}.Debug|x86.Build.0 = Debug|Any CPU
		{8A4D5B7E-1F2C-4A9B-9C0D-3E5F8A1B2C4D}.Release|Any CPU.ActiveCfg = Release|Any CPU
		{8A4D5B7E-1F2C-4A9B-9C0D-3E5F8A1B2C4D}.Release|Any CPU.Build.0 = Release|Any CPU
		{8A4D5B7E-1F2C-4A9B-9C0D-3E5F8A1B2C4D}.Release|ARM.ActiveCfg = Release|Any CPU
		{8A4D5B7E-1F2C-4A9B-9C0D-3E5F8A1B2C4D}.Release|ARM.Build.0 = Release|Any CPU
		{8A4D5B7E-1F2C-4A9B-9C0D-3E5F8A1B2C4D}.Release|ARM64.ActiveCfg = Release|Any CPU
		{8A4D5B7E-1F2C-4A9B-9C0D-3E5F8A1B2C4D}.Release|ARM64.Build.0 = Release|Any CPU
		{8A4D5B7E-1F2C-4A9B-9C0D-3E5F8A1B2C4D}.Release|iPhone.ActiveCfg = Release|Any CPU
		{8A4D5B7E-1F2C-4A9B-9C0D-3E5F8A1B2C4D}.Release|iPhone.Build.0 = Release|Any CPU
		{8A4D5B7E-1F2C-4A9B-9C0D-3E5F8A1B2C4D}.Release|iPhoneSimulator.ActiveCfg = Release|Any CPU
		{8A4D5B7E-1F2C-4A9B-9C0D-3E5F8A1B2C4D}.Release|iPhoneSimulator.Build.0 = Release|Any CPU
		{8A4D5B7E-1F2C-4A9B-9C0D-3E5F8A1B2C4D}.Release|x64.ActiveCfg = Release|Any CPU
		{8A4D5B7E-1F2C-4A9B-9C0D-3E5F8A1B2C4D}.Release|x64.Build.0 = Release|Any CPU
		{8A4D5B7E-1F2C-4A9B-9C0D-3E5F8A1B2C4D}.Release|x86.ActiveCfg = Release|Any CPU
		{8A4D5B7E-1F2C-4A9B-9C0D-3E5F8A1B2C4D}.Release|x86.Build.0 = Release|Any CPU
	EndGlobalSection
	GlobalSection(SolutionProperties) = preSolution
		HideSolutionNode = FALSE
	EndGlobalSection
	GlobalSection(NestedProjects) = preSolution
		{75E91A35-8263-4FC2-B8B3-30CCA6A81F2F} = {5D9CF483-35B1-4802-A8CD-4B1B19DAE66B}
		{4659DF73-6481-81A7-FF14-9837F2428071} = {8BBDFD16-37FB-4C4C-AA4F-525913416EBE}
		{D56589AF-ACB1-C3AF-CE59-F59074BA47C6} = {8BBDFD16-37FB-4C4C-AA4F-525913416EBE}
		{E7A2B4C1-9D3F-4E5A-8B2C-1F6E9D0A3C5B} = {8BBDFD16-37FB-4C4C-AA4F-525913416EBE}
		{725178B1-F5A4-0DC2-8B21-41922143FBD4} = {8BBDFD16-37FB-4C4C-AA4F-525913416EBE}
		{F3E5C812-A100-4C76-8C1B-1A2B3C4D5E61} = {F3E5C812-A100-4C76-8C1B-1A2B3C4D5E60}
		{F3E5C812-A100-4C76-8C1B-1A2B3C4D5E62} = {F3E5C812-A100-4C76-8C1B-1A2B3C4D5E60}
		{F3E5C812-A100-4C76-8C1B-1A2B3C4D5E63} = {F3E5C812-A100-4C76-8C1B-1A2B3C4D5E60}
		{A420ACCE-7B76-4412-9011-C9A86223894D} = {F3E5C812-A100-4C76-8C1B-1A2B3C4D5E61}
		{B1B73671-E8C7-4BE9-B748-C25E8FCC38A2} = {F3E5C812-A100-4C76-8C1B-1A2B3C4D5E61}
		{6F2A4B58-9C3D-4E5F-8A1B-2C3D4E5F6A7B} = {F3E5C812-A100-4C76-8C1B-1A2B3C4D5E61}
		{7B3C5D69-AD4E-4F60-9B2C-3D4E5F6A7B8C} = {F3E5C812-A100-4C76-8C1B-1A2B3C4D5E61}
		{5CF7EFB4-0306-4B57-B1FF-D882F047D693} = {F3E5C812-A100-4C76-8C1B-1A2B3C4D5E62}
		{7186FB63-17A0-4CD1-8411-F001524172C2} = {F3E5C812-A100-4C76-8C1B-1A2B3C4D5E62}
		{05C36214-4243-4CF9-910A-DBD1E98E7E43} = {F3E5C812-A100-4C76-8C1B-1A2B3C4D5E62}
		{6CC2120F-832B-F17B-4058-C37CD4F91B76} = {F3E5C812-A100-4C76-8C1B-1A2B3C4D5E62}
		{A1F64003-2A5B-4E30-9191-8DC4686567E2} = {F3E5C812-A100-4C76-8C1B-1A2B3C4D5E63}
		{F3E5C812-A100-4C76-8C1B-1A2B3C4D5E64} = {F3E5C812-A100-4C76-8C1B-1A2B3C4D5E60}
		{8A4D5B7E-1F2C-4A9B-9C0D-3E5F8A1B2C4D} = {F3E5C812-A100-4C76-8C1B-1A2B3C4D5E64}
	EndGlobalSection
	GlobalSection(ExtensibilityGlobals) = postSolution
		SolutionGuid = {A1B2C3D4-E5F6-7890-ABCD-EF1234567890}
	EndGlobalSection
EndGlobal
