Microsoft Visual Studio Solution File, Format Version 12.00
# Visual Studio Version 17
VisualStudioVersion = 17.1.32210.238
MinimumVisualStudioVersion = 10.0.40219.1
Project("{2150E333-8FDC-42A3-9474-1A3956D46DE8}") = "_tools", "_tools", "{8BBDFD16-37FB-4C4C-AA4F-525913416EBE}"
EndProject
Project("{9A19103F-16F7-4668-BE54-9A1E7A4F7556}") = "Bible.Alarm.Audio.Links.Harvester", "..\.tools\Bible.Alarm.Audio.Links.Harvester\Bible.Alarm.Audio.Links.Harvester.csproj", "{1D8DA005-6359-422B-9ACF-E3CBB05B25F4}"
EndProject
Project("{2150E333-8FDC-42A3-9474-1A3956D46DE8}") = "Library", "Library", "{26735473-D93B-4EBC-BCA3-AD3518DCEA4A}"
EndProject
Project("{9A19103F-16F7-4668-BE54-9A1E7A4F7556}") = "Bible.Alarm.VersionPatcher", "..\.tools\Bible.Alarm.VersionPatcher\Bible.Alarm.VersionPatcher.csproj", "{EF8D0ED7-45C2-4176-B01E-0BF199108B05}"
EndProject
Project("{FAE04EC0-301F-11D3-BF4B-00C04F79EFBC}") = "Bible.Alarm", "Bible.Alarm\Bible.Alarm.csproj", "{8F083081-CE5F-3DD2-A49A-CAAC866C0A5E}"
EndProject
Project("{FAE04EC0-301F-11D3-BF4B-00C04F79EFBC}") = "Bible.Alarm.Shared", "Bible.Alarm.Shared\Bible.Alarm.Shared.csproj", "{034F9129-8C3C-A7B5-65AB-7122B3C70D55}"
EndProject
Global
	GlobalSection(SolutionConfigurationPlatforms) = preSolution
		Debug|Any CPU = Debug|Any CPU
		Debug|ARM = Debug|ARM
		Debug|ARM64 = Debug|ARM64
		Debug|iPhone = Debug|iPhone
		Debug|iPhoneSimulator = Debug|iPhoneSimulator
		Debug|x64 = Debug|x64
		Debug|x86 = Debug|x86
		Release|Any CPU = Release|Any CPU
		Release|ARM = Release|ARM
		Release|ARM64 = Release|ARM64
		Release|iPhone = Release|iPhone
		Release|iPhoneSimulator = Release|iPhoneSimulator
		Release|x64 = Release|x64
		Release|x86 = Release|x86
	EndGlobalSection
	GlobalSection(ProjectConfigurationPlatforms) = postSolution
		{1D8DA005-6359-422B-9ACF-E3CBB05B25F4}.Debug|Any CPU.ActiveCfg = Debug|Any CPU
		{1D8DA005-6359-422B-9ACF-E3CBB05B25F4}.Debug|Any CPU.Build.0 = Debug|Any CPU
		{1D8DA005-6359-422B-9ACF-E3CBB05B25F4}.Debug|ARM.ActiveCfg = Debug|Any CPU
		{1D8DA005-6359-422B-9ACF-E3CBB05B25F4}.Debug|ARM.Build.0 = Debug|Any CPU
		{1D8DA005-6359-422B-9ACF-E3CBB05B25F4}.Debug|ARM64.ActiveCfg = Debug|Any CPU
		{1D8DA005-6359-422B-9ACF-E3CBB05B25F4}.Debug|ARM64.Build.0 = Debug|Any CPU
		{1D8DA005-6359-422B-9ACF-E3CBB05B25F4}.Debug|iPhone.ActiveCfg = Debug|Any CPU
		{1D8DA005-6359-422B-9ACF-E3CBB05B25F4}.Debug|iPhone.Build.0 = Debug|Any CPU
		{1D8DA005-6359-422B-9ACF-E3CBB05B25F4}.Debug|iPhoneSimulator.ActiveCfg = Debug|Any CPU
		{1D8DA005-6359-422B-9ACF-E3CBB05B25F4}.Debug|iPhoneSimulator.Build.0 = Debug|Any CPU
		{1D8DA005-6359-422B-9ACF-E3CBB05B25F4}.Debug|x64.ActiveCfg = Debug|Any CPU
		{1D8DA005-6359-422B-9ACF-E3CBB05B25F4}.Debug|x64.Build.0 = Debug|Any CPU
		{1D8DA005-6359-422B-9ACF-E3CBB05B25F4}.Debug|x86.ActiveCfg = Debug|Any CPU
		{1D8DA005-6359-422B-9ACF-E3CBB05B25F4}.Debug|x86.Build.0 = Debug|Any CPU
		{1D8DA005-6359-422B-9ACF-E3CBB05B25F4}.Release|Any CPU.ActiveCfg = Release|Any CPU
		{1D8DA005-6359-422B-9ACF-E3CBB05B25F4}.Release|Any CPU.Build.0 = Release|Any CPU
		{1D8DA005-6359-422B-9ACF-E3CBB05B25F4}.Release|ARM.ActiveCfg = Release|Any CPU
		{1D8DA005-6359-422B-9ACF-E3CBB05B25F4}.Release|ARM.Build.0 = Release|Any CPU
		{1D8DA005-6359-422B-9ACF-E3CBB05B25F4}.Release|ARM64.ActiveCfg = Release|Any CPU
		{1D8DA005-6359-422B-9ACF-E3CBB05B25F4}.Release|ARM64.Build.0 = Release|Any CPU
		{1D8DA005-6359-422B-9ACF-E3CBB05B25F4}.Release|iPhone.ActiveCfg = Release|Any CPU
		{1D8DA005-6359-422B-9ACF-E3CBB05B25F4}.Release|iPhone.Build.0 = Release|Any CPU
		{1D8DA005-6359-422B-9ACF-E3CBB05B25F4}.Release|iPhoneSimulator.ActiveCfg = Release|Any CPU
		{1D8DA005-6359-422B-9ACF-E3CBB05B25F4}.Release|iPhoneSimulator.Build.0 = Release|Any CPU
		{1D8DA005-6359-422B-9ACF-E3CBB05B25F4}.Release|x64.ActiveCfg = Release|Any CPU
		{1D8DA005-6359-422B-9ACF-E3CBB05B25F4}.Release|x64.Build.0 = Release|Any CPU
		{1D8DA005-6359-422B-9ACF-E3CBB05B25F4}.Release|x86.ActiveCfg = Release|Any CPU
		{1D8DA005-6359-422B-9ACF-E3CBB05B25F4}.Release|x86.Build.0 = Release|Any CPU
		{8F083081-CE5F-3DD2-A49A-CAAC866C0A5E}.Debug|Any CPU.ActiveCfg = Debug|Any CPU
		{8F083081-CE5F-3DD2-A49A-CAAC866C0A5E}.Debug|Any CPU.Build.0 = Debug|Any CPU
		{8F083081-CE5F-3DD2-A49A-CAAC866C0A5E}.Debug|ARM.ActiveCfg = Debug|Any CPU
		{8F083081-CE5F-3DD2-A49A-CAAC866C0A5E}.Debug|ARM.Build.0 = Debug|Any CPU
		{8F083081-CE5F-3DD2-A49A-CAAC866C0A5E}.Debug|ARM64.ActiveCfg = Debug|Any CPU
		{8F083081-CE5F-3DD2-A49A-CAAC866C0A5E}.Debug|ARM64.Build.0 = Debug|Any CPU
		{8F083081-CE5F-3DD2-A49A-CAAC866C0A5E}.Debug|iPhone.ActiveCfg = Debug|Any CPU
		{8F083081-CE5F-3DD2-A49A-CAAC866C0A5E}.Debug|iPhone.Build.0 = Debug|Any CPU
		{8F083081-CE5F-3DD2-A49A-CAAC866C0A5E}.Debug|iPhoneSimulator.ActiveCfg = Debug|Any CPU
		{8F083081-CE5F-3DD2-A49A-CAAC866C0A5E}.Debug|iPhoneSimulator.Build.0 = Debug|Any CPU
		{8F083081-CE5F-3DD2-A49A-CAAC866C0A5E}.Debug|x64.ActiveCfg = Debug|Any CPU
		{8F083081-CE5F-3DD2-A49A-CAAC866C0A5E}.Debug|x64.Build.0 = Debug|Any CPU
		{8F083081-CE5F-3DD2-A49A-CAAC866C0A5E}.Debug|x86.ActiveCfg = Debug|Any CPU
		{8F083081-CE5F-3DD2-A49A-CAAC866C0A5E}.Debug|x86.Build.0 = Debug|Any CPU
		{8F083081-CE5F-3DD2-A49A-CAAC866C0A5E}.Release|Any CPU.ActiveCfg = Release|Any CPU
		{8F083081-CE5F-3DD2-A49A-CAAC866C0A5E}.Release|Any CPU.Build.0 = Release|Any CPU
		{8F083081-CE5F-3DD2-A49A-CAAC866C0A5E}.Release|ARM.ActiveCfg = Release|Any CPU
		{8F083081-CE5F-3DD2-A49A-CAAC866C0A5E}.Release|ARM.Build.0 = Release|Any CPU
		{8F083081-CE5F-3DD2-A49A-CAAC866C0A5E}.Release|ARM64.ActiveCfg = Release|Any CPU
		{8F083081-CE5F-3DD2-A49A-CAAC866C0A5E}.Release|ARM64.Build.0 = Release|Any CPU
		{8F083081-CE5F-3DD2-A49A-CAAC866C0A5E}.Release|iPhone.ActiveCfg = Release|Any CPU
		{8F083081-CE5F-3DD2-A49A-CAAC866C0A5E}.Release|iPhone.Build.0 = Release|Any CPU
		{8F083081-CE5F-3DD2-A49A-CAAC866C0A5E}.Release|iPhoneSimulator.ActiveCfg = Release|Any CPU
		{8F083081-CE5F-3DD2-A49A-CAAC866C0A5E}.Release|iPhoneSimulator.Build.0 = Release|Any CPU
		{8F083081-CE5F-3DD2-A49A-CAAC866C0A5E}.Release|x64.ActiveCfg = Release|Any CPU
		{8F083081-CE5F-3DD2-A49A-CAAC866C0A5E}.Release|x64.Build.0 = Release|Any CPU
		{8F083081-CE5F-3DD2-A49A-CAAC866C0A5E}.Release|x86.ActiveCfg = Release|Any CPU
		{8F083081-CE5F-3DD2-A49A-CAAC866C0A5E}.Release|x86.Build.0 = Release|Any CPU
		{034F9129-8C3C-A7B5-65AB-7122B3C70D55}.Debug|Any CPU.ActiveCfg = Debug|Any CPU
		{034F9129-8C3C-A7B5-65AB-7122B3C70D55}.Debug|Any CPU.Build.0 = Debug|Any CPU
		{034F9129-8C3C-A7B5-65AB-7122B3C70D55}.Debug|ARM.ActiveCfg = Debug|Any CPU
		{034F9129-8C3C-A7B5-65AB-7122B3C70D55}.Debug|ARM.Build.0 = Debug|Any CPU
		{034F9129-8C3C-A7B5-65AB-7122B3C70D55}.Debug|ARM64.ActiveCfg = Debug|Any CPU
		{034F9129-8C3C-A7B5-65AB-7122B3C70D55}.Debug|ARM64.Build.0 = Debug|Any CPU
		{034F9129-8C3C-A7B5-65AB-7122B3C70D55}.Debug|iPhone.ActiveCfg = Debug|Any CPU
		{034F9129-8C3C-A7B5-65AB-7122B3C70D55}.Debug|iPhone.Build.0 = Debug|Any CPU
		{034F9129-8C3C-A7B5-65AB-7122B3C70D55}.Debug|iPhoneSimulator.ActiveCfg = Debug|Any CPU
		{034F9129-8C3C-A7B5-65AB-7122B3C70D55}.Debug|iPhoneSimulator.Build.0 = Debug|Any CPU
		{034F9129-8C3C-A7B5-65AB-7122B3C70D55}.Debug|x64.ActiveCfg = Debug|Any CPU
		{034F9129-8C3C-A7B5-65AB-7122B3C70D55}.Debug|x64.Build.0 = Debug|Any CPU
		{034F9129-8C3C-A7B5-65AB-7122B3C70D55}.Debug|x86.ActiveCfg = Debug|Any CPU
		{034F9129-8C3C-A7B5-65AB-7122B3C70D55}.Debug|x86.Build.0 = Debug|Any CPU
		{034F9129-8C3C-A7B5-65AB-7122B3C70D55}.Release|Any CPU.ActiveCfg = Release|Any CPU
		{034F9129-8C3C-A7B5-65AB-7122B3C70D55}.Release|Any CPU.Build.0 = Release|Any CPU
		{034F9129-8C3C-A7B5-65AB-7122B3C70D55}.Release|ARM.ActiveCfg = Release|Any CPU
		{034F9129-8C3C-A7B5-65AB-7122B3C70D55}.Release|ARM.Build.0 = Release|Any CPU
		{034F9129-8C3C-A7B5-65AB-7122B3C70D55}.Release|ARM64.ActiveCfg = Release|Any CPU
		{034F9129-8C3C-A7B5-65AB-7122B3C70D55}.Release|ARM64.Build.0 = Release|Any CPU
		{034F9129-8C3C-A7B5-65AB-7122B3C70D55}.Release|iPhone.ActiveCfg = Release|Any CPU
		{034F9129-8C3C-A7B5-65AB-7122B3C70D55}.Release|iPhone.Build.0 = Release|Any CPU
		{034F9129-8C3C-A7B5-65AB-7122B3C70D55}.Release|iPhoneSimulator.ActiveCfg = Release|Any CPU
		{034F9129-8C3C-A7B5-65AB-7122B3C70D55}.Release|iPhoneSimulator.Build.0 = Release|Any CPU
		{034F9129-8C3C-A7B5-65AB-7122B3C70D55}.Release|x64.ActiveCfg = Release|Any CPU
		{034F9129-8C3C-A7B5-65AB-7122B3C70D55}.Release|x64.Build.0 = Release|Any CPU
		{034F9129-8C3C-A7B5-65AB-7122B3C70D55}.Release|x86.ActiveCfg = Release|Any CPU
		{034F9129-8C3C-A7B5-65AB-7122B3C70D55}.Release|x86.Build.0 = Release|Any CPU
		{EF8D0ED7-45C2-4176-B01E-0BF199108B05}.Debug|Any CPU.ActiveCfg = Debug|Any CPU
		{EF8D0ED7-45C2-4176-B01E-0BF199108B05}.Debug|Any CPU.Build.0 = Debug|Any CPU
		{EF8D0ED7-45C2-4176-B01E-0BF199108B05}.Debug|ARM.ActiveCfg = Debug|Any CPU
		{EF8D0ED7-45C2-4176-B01E-0BF199108B05}.Debug|ARM.Build.0 = Debug|Any CPU
		{EF8D0ED7-45C2-4176-B01E-0BF199108B05}.Debug|ARM64.ActiveCfg = Debug|Any CPU
		{EF8D0ED7-45C2-4176-B01E-0BF199108B05}.Debug|ARM64.Build.0 = Debug|Any CPU
		{EF8D0ED7-45C2-4176-B01E-0BF199108B05}.Debug|iPhone.ActiveCfg = Debug|Any CPU
		{EF8D0ED7-45C2-4176-B01E-0BF199108B05}.Debug|iPhone.Build.0 = Debug|Any CPU
		{EF8D0ED7-45C2-4176-B01E-0BF199108B05}.Debug|iPhoneSimulator.ActiveCfg = Debug|Any CPU
		{EF8D0ED7-45C2-4176-B01E-0BF199108B05}.Debug|iPhoneSimulator.Build.0 = Debug|Any CPU
		{EF8D0ED7-45C2-4176-B01E-0BF199108B05}.Debug|x64.ActiveCfg = Debug|Any CPU
		{EF8D0ED7-45C2-4176-B01E-0BF199108B05}.Debug|x64.Build.0 = Debug|Any CPU
		{EF8D0ED7-45C2-4176-B01E-0BF199108B05}.Debug|x86.ActiveCfg = Debug|Any CPU
		{EF8D0ED7-45C2-4176-B01E-0BF199108B05}.Debug|x86.Build.0 = Debug|Any CPU
		{EF8D0ED7-45C2-4176-B01E-0BF199108B05}.Release|Any CPU.ActiveCfg = Release|Any CPU
		{EF8D0ED7-45C2-4176-B01E-0BF199108B05}.Release|Any CPU.Build.0 = Release|Any CPU
		{EF8D0ED7-45C2-4176-B01E-0BF199108B05}.Release|ARM.ActiveCfg = Release|Any CPU
		{EF8D0ED7-45C2-4176-B01E-0BF199108B05}.Release|ARM.Build.0 = Release|Any CPU
		{EF8D0ED7-45C2-4176-B01E-0BF199108B05}.Release|ARM64.ActiveCfg = Release|Any CPU
		{EF8D0ED7-45C2-4176-B01E-0BF199108B05}.Release|ARM64.Build.0 = Release|Any CPU
		{EF8D0ED7-45C2-4176-B01E-0BF199108B05}.Release|iPhone.ActiveCfg = Release|Any CPU
		{EF8D0ED7-45C2-4176-B01E-0BF199108B05}.Release|iPhone.Build.0 = Release|Any CPU
		{EF8D0ED7-45C2-4176-B01E-0BF199108B05}.Release|iPhoneSimulator.ActiveCfg = Release|Any CPU
		{EF8D0ED7-45C2-4176-B01E-0BF199108B05}.Release|iPhoneSimulator.Build.0 = Release|Any CPU
		{EF8D0ED7-45C2-4176-B01E-0BF199108B05}.Release|x64.ActiveCfg = Release|Any CPU
		{EF8D0ED7-45C2-4176-B01E-0BF199108B05}.Release|x64.Build.0 = Release|Any CPU
		{EF8D0ED7-45C2-4176-B01E-0BF199108B05}.Release|x86.ActiveCfg = Release|Any CPU
		{EF8D0ED7-45C2-4176-B01E-0BF199108B05}.Release|x86.Build.0 = Release|Any CPU
	EndGlobalSection
	GlobalSection(SolutionProperties) = preSolution
		HideSolutionNode = FALSE
	EndGlobalSection
	GlobalSection(NestedProjects) = preSolution
		{1D8DA005-6359-422B-9ACF-E3CBB05B25F4} = {8BBDFD16-37FB-4C4C-AA4F-525913416EBE}
		{EF8D0ED7-45C2-4176-B01E-0BF199108B05} = {8BBDFD16-37FB-4C4C-AA4F-525913416EBE}
	EndGlobalSection
	GlobalSection(ExtensibilityGlobals) = postSolution
		SolutionGuid = {A1B2C3D4-E5F6-7890-ABCD-EF1234567890}
	EndGlobalSection
EndGlobal