
Microsoft Visual Studio Solution File, Format Version 12.00
# Visual Studio Version 17
VisualStudioVersion = 17.1.32210.238
MinimumVisualStudioVersion = 10.0.40219.1
Project("{2150E333-8FDC-42A3-9474-1A3956D46DE8}") = ".tools", ".tools", "{8BBDFD16-37FB-4C4C-AA4F-525913416EBE}"
EndProject
Project("{FAE04EC0-301F-11D3-BF4B-00C04F79EFBC}") = "Bible.Alarm", "Bible.Alarm\Bible.Alarm.csproj", "{8F083081-CE5F-3DD2-A49A-CAAC866C0A5E}"
EndProject
Project("{FAE04EC0-301F-11D3-BF4B-00C04F79EFBC}") = "Bible.Alarm.Shared", "Bible.Alarm.Shared\Bible.Alarm.Shared.csproj", "{034F9129-8C3C-A7B5-65AB-7122B3C70D55}"
EndProject
Project("{FAE04EC0-301F-11D3-BF4B-00C04F79EFBC}") = "Bible.Alarm.Audio.Links.Harvestor", "..\.tools\Bible.Alarm.Audio.Links.Harvestor\Bible.Alarm.Audio.Links.Harvestor.csproj", "{2573B1CF-096C-6C9B-D3A0-A38D0910E8BA}"
EndProject
Project("{FAE04EC0-301F-11D3-BF4B-00C04F79EFBC}") = "Bible.Alarm.VersionPatcher", "..\.tools\Bible.Alarm.VersionPatcher\Bible.Alarm.VersionPatcher.csproj", "{4659DF73-6481-81A7-FF14-9837F2428071}"
EndProject
Project("{FAE04EC0-301F-11D3-BF4B-00C04F79EFBC}") = "Bible.Alarm.VersionPatcher.Tests", "..\.tools\Bible.Alarm.VersionPatcher.Tests\Bible.Alarm.VersionPatcher.Tests.csproj", "{6CC2120F-832B-F17B-4058-C37CD4F91B76}"
EndProject
Global
	GlobalSection(SolutionConfigurationPlatforms) = preSolution
		Debug|Any CPU = Debug|Any CPU
		Debug|ARM = Debug|ARM
		Debug|ARM64 = Debug|ARM64
		Debug|iPhone = Debug|iPhone
		Debug|iPhoneSimulator = Debug|iPhoneSimulator
		Debug|x64 = Debug|x64
		Debug|x86 = Debug|x86
		Release|Any CPU = Release|Any CPU
		Release|ARM = Release|ARM
		Release|ARM64 = Release|ARM64
		Release|iPhone = Release|iPhone
		Release|iPhoneSimulator = Release|iPhoneSimulator
		Release|x64 = Release|x64
		Release|x86 = Release|x86
	EndGlobalSection
	GlobalSection(ProjectConfigurationPlatforms) = postSolution
		{8F083081-CE5F-3DD2-A49A-CAAC866C0A5E}.Debug|Any CPU.ActiveCfg = Debug|Any CPU
		{8F083081-CE5F-3DD2-A49A-CAAC866C0A5E}.Debug|Any CPU.Build.0 = Debug|Any CPU
		{8F083081-CE5F-3DD2-A49A-CAAC866C0A5E}.Debug|Any CPU.Deploy.0 = Debug|Any CPU
		{8F083081-CE5F-3DD2-A49A-CAAC866C0A5E}.Debug|ARM.ActiveCfg = Debug|Any CPU
		{8F083081-CE5F-3DD2-A49A-CAAC866C0A5E}.Debug|ARM.Build.0 = Debug|Any CPU
		{8F083081-CE5F-3DD2-A49A-CAAC866C0A5E}.Debug|ARM64.ActiveCfg = Debug|Any CPU
		{8F083081-CE5F-3DD2-A49A-CAAC866C0A5E}.Debug|ARM64.Build.0 = Debug|Any CPU
		{8F083081-CE5F-3DD2-A49A-CAAC866C0A5E}.Debug|iPhone.ActiveCfg = Debug|Any CPU
		{8F083081-CE5F-3DD2-A49A-CAAC866C0A5E}.Debug|iPhone.Build.0 = Debug|Any CPU
		{8F083081-CE5F-3DD2-A49A-CAAC866C0A5E}.Debug|iPhoneSimulator.ActiveCfg = Debug|Any CPU
		{8F083081-CE5F-3DD2-A49A-CAAC866C0A5E}.Debug|iPhoneSimulator.Build.0 = Debug|Any CPU
		{8F083081-CE5F-3DD2-A49A-CAAC866C0A5E}.Debug|x64.ActiveCfg = Debug|Any CPU
		{8F083081-CE5F-3DD2-A49A-CAAC866C0A5E}.Debug|x64.Build.0 = Debug|Any CPU
		{8F083081-CE5F-3DD2-A49A-CAAC866C0A5E}.Debug|x86.ActiveCfg = Debug|Any CPU
		{8F083081-CE5F-3DD2-A49A-CAAC866C0A5E}.Debug|x86.Build.0 = Debug|Any CPU
		{8F083081-CE5F-3DD2-A49A-CAAC866C0A5E}.Release|Any CPU.ActiveCfg = Release|Any CPU
		{8F083081-CE5F-3DD2-A49A-CAAC866C0A5E}.Release|Any CPU.Build.0 = Release|Any CPU
		{8F083081-CE5F-3DD2-A49A-CAAC866C0A5E}.Release|ARM.ActiveCfg = Release|Any CPU
		{8F083081-CE5F-3DD2-A49A-CAAC866C0A5E}.Release|ARM.Build.0 = Release|Any CPU
		{8F083081-CE5F-3DD2-A49A-CAAC866C0A5E}.Release|ARM64.ActiveCfg = Release|Any CPU
		{8F083081-CE5F-3DD2-A49A-CAAC866C0A5E}.Release|ARM64.Build.0 = Release|Any CPU
		{8F083081-CE5F-3DD2-A49A-CAAC866C0A5E}.Release|iPhone.ActiveCfg = Release|Any CPU
		{8F083081-CE5F-3DD2-A49A-CAAC866C0A5E}.Release|iPhone.Build.0 = Release|Any CPU
		{8F083081-CE5F-3DD2-A49A-CAAC866C0A5E}.Release|iPhoneSimulator.ActiveCfg = Release|Any CPU
		{8F083081-CE5F-3DD2-A49A-CAAC866C0A5E}.Release|iPhoneSimulator.Build.0 = Release|Any CPU
		{8F083081-CE5F-3DD2-A49A-CAAC866C0A5E}.Release|x64.ActiveCfg = Release|Any CPU
		{8F083081-CE5F-3DD2-A49A-CAAC866C0A5E}.Release|x64.Build.0 = Release|Any CPU
		{8F083081-CE5F-3DD2-A49A-CAAC866C0A5E}.Release|x86.ActiveCfg = Release|Any CPU
		{8F083081-CE5F-3DD2-A49A-CAAC866C0A5E}.Release|x86.Build.0 = Release|Any CPU
		{034F9129-8C3C-A7B5-65AB-7122B3C70D55}.Debug|Any CPU.ActiveCfg = Debug|Any CPU
		{034F9129-8C3C-A7B5-65AB-7122B3C70D55}.Debug|Any CPU.Build.0 = Debug|Any CPU
		{034F9129-8C3C-A7B5-65AB-7122B3C70D55}.Debug|ARM.ActiveCfg = Debug|Any CPU
		{034F9129-8C3C-A7B5-65AB-7122B3C70D55}.Debug|ARM.Build.0 = Debug|Any CPU
		{034F9129-8C3C-A7B5-65AB-7122B3C70D55}.Debug|ARM64.ActiveCfg = Debug|Any CPU
		{034F9129-8C3C-A7B5-65AB-7122B3C70D55}.Debug|ARM64.Build.0 = Debug|Any CPU
		{034F9129-8C3C-A7B5-65AB-7122B3C70D55}.Debug|iPhone.ActiveCfg = Debug|Any CPU
		{034F9129-8C3C-A7B5-65AB-7122B3C70D55}.Debug|iPhone.Build.0 = Debug|Any CPU
		{034F9129-8C3C-A7B5-65AB-7122B3C70D55}.Debug|iPhoneSimulator.ActiveCfg = Debug|Any CPU
		{034F9129-8C3C-A7B5-65AB-7122B3C70D55}.Debug|iPhoneSimulator.Build.0 = Debug|Any CPU
		{034F9129-8C3C-A7B5-65AB-7122B3C70D55}.Debug|x64.ActiveCfg = Debug|Any CPU
		{034F9129-8C3C-A7B5-65AB-7122B3C70D55}.Debug|x64.Build.0 = Debug|Any CPU
		{034F9129-8C3C-A7B5-65AB-7122B3C70D55}.Debug|x86.ActiveCfg = Debug|Any CPU
		{034F9129-8C3C-A7B5-65AB-7122B3C70D55}.Debug|x86.Build.0 = Debug|Any CPU
		{034F9129-8C3C-A7B5-65AB-7122B3C70D55}.Release|Any CPU.ActiveCfg = Release|Any CPU
		{034F9129-8C3C-A7B5-65AB-7122B3C70D55}.Release|Any CPU.Build.0 = Release|Any CPU
		{034F9129-8C3C-A7B5-65AB-7122B3C70D55}.Release|ARM.ActiveCfg = Release|Any CPU
		{034F9129-8C3C-A7B5-65AB-7122B3C70D55}.Release|ARM.Build.0 = Release|Any CPU
		{034F9129-8C3C-A7B5-65AB-7122B3C70D55}.Release|ARM64.ActiveCfg = Release|Any CPU
		{034F9129-8C3C-A7B5-65AB-7122B3C70D55}.Release|ARM64.Build.0 = Release|Any CPU
		{034F9129-8C3C-A7B5-65AB-7122B3C70D55}.Release|iPhone.ActiveCfg = Release|Any CPU
		{034F9129-8C3C-A7B5-65AB-7122B3C70D55}.Release|iPhone.Build.0 = Release|Any CPU
		{034F9129-8C3C-A7B5-65AB-7122B3C70D55}.Release|iPhoneSimulator.ActiveCfg = Release|Any CPU
		{034F9129-8C3C-A7B5-65AB-7122B3C70D55}.Release|iPhoneSimulator.Build.0 = Release|Any CPU
		{034F9129-8C3C-A7B5-65AB-7122B3C70D55}.Release|x64.ActiveCfg = Release|Any CPU
		{034F9129-8C3C-A7B5-65AB-7122B3C70D55}.Release|x64.Build.0 = Release|Any CPU
		{034F9129-8C3C-A7B5-65AB-7122B3C70D55}.Release|x86.ActiveCfg = Release|Any CPU
		{034F9129-8C3C-A7B5-65AB-7122B3C70D55}.Release|x86.Build.0 = Release|Any CPU
		{2573B1CF-096C-6C9B-D3A0-A38D0910E8BA}.Debug|Any CPU.ActiveCfg = Debug|Any CPU
		{2573B1CF-096C-6C9B-D3A0-A38D0910E8BA}.Debug|Any CPU.Build.0 = Debug|Any CPU
		{2573B1CF-096C-6C9B-D3A0-A38D0910E8BA}.Debug|ARM.ActiveCfg = Debug|Any CPU
		{2573B1CF-096C-6C9B-D3A0-A38D0910E8BA}.Debug|ARM.Build.0 = Debug|Any CPU
		{2573B1CF-096C-6C9B-D3A0-A38D0910E8BA}.Debug|ARM64.ActiveCfg = Debug|Any CPU
		{2573B1CF-096C-6C9B-D3A0-A38D0910E8BA}.Debug|ARM64.Build.0 = Debug|Any CPU
		{2573B1CF-096C-6C9B-D3A0-A38D0910E8BA}.Debug|iPhone.ActiveCfg = Debug|Any CPU
		{2573B1CF-096C-6C9B-D3A0-A38D0910E8BA}.Debug|iPhone.Build.0 = Debug|Any CPU
		{2573B1CF-096C-6C9B-D3A0-A38D0910E8BA}.Debug|iPhoneSimulator.ActiveCfg = Debug|Any CPU
		{2573B1CF-096C-6C9B-D3A0-A38D0910E8BA}.Debug|iPhoneSimulator.Build.0 = Debug|Any CPU
		{2573B1CF-096C-6C9B-D3A0-A38D0910E8BA}.Debug|x64.ActiveCfg = Debug|Any CPU
		{2573B1CF-096C-6C9B-D3A0-A38D0910E8BA}.Debug|x64.Build.0 = Debug|Any CPU
		{2573B1CF-096C-6C9B-D3A0-A38D0910E8BA}.Debug|x86.ActiveCfg = Debug|Any CPU
		{2573B1CF-096C-6C9B-D3A0-A38D0910E8BA}.Debug|x86.Build.0 = Debug|Any CPU
		{2573B1CF-096C-6C9B-D3A0-A38D0910E8BA}.Release|Any CPU.ActiveCfg = Release|Any CPU
		{2573B1CF-096C-6C9B-D3A0-A38D0910E8BA}.Release|Any CPU.Build.0 = Release|Any CPU
		{2573B1CF-096C-6C9B-D3A0-A38D0910E8BA}.Release|ARM.ActiveCfg = Release|Any CPU
		{2573B1CF-096C-6C9B-D3A0-A38D0910E8BA}.Release|ARM.Build.0 = Release|Any CPU
		{2573B1CF-096C-6C9B-D3A0-A38D0910E8BA}.Release|ARM64.ActiveCfg = Release|Any CPU
		{2573B1CF-096C-6C9B-D3A0-A38D0910E8BA}.Release|ARM64.Build.0 = Release|Any CPU
		{2573B1CF-096C-6C9B-D3A0-A38D0910E8BA}.Release|iPhone.ActiveCfg = Release|Any CPU
		{2573B1CF-096C-6C9B-D3A0-A38D0910E8BA}.Release|iPhone.Build.0 = Release|Any CPU
		{2573B1CF-096C-6C9B-D3A0-A38D0910E8BA}.Release|iPhoneSimulator.ActiveCfg = Release|Any CPU
		{2573B1CF-096C-6C9B-D3A0-A38D0910E8BA}.Release|iPhoneSimulator.Build.0 = Release|Any CPU
		{2573B1CF-096C-6C9B-D3A0-A38D0910E8BA}.Release|x64.ActiveCfg = Release|Any CPU
		{2573B1CF-096C-6C9B-D3A0-A38D0910E8BA}.Release|x64.Build.0 = Release|Any CPU
		{2573B1CF-096C-6C9B-D3A0-A38D0910E8BA}.Release|x86.ActiveCfg = Release|Any CPU
		{2573B1CF-096C-6C9B-D3A0-A38D0910E8BA}.Release|x86.Build.0 = Release|Any CPU
		{4659DF73-6481-81A7-FF14-9837F2428071}.Debug|Any CPU.ActiveCfg = Debug|Any CPU
		{4659DF73-6481-81A7-FF14-9837F2428071}.Debug|Any CPU.Build.0 = Debug|Any CPU
		{4659DF73-6481-81A7-FF14-9837F2428071}.Debug|ARM.ActiveCfg = Debug|Any CPU
		{4659DF73-6481-81A7-FF14-9837F2428071}.Debug|ARM.Build.0 = Debug|Any CPU
		{4659DF73-6481-81A7-FF14-9837F2428071}.Debug|ARM64.ActiveCfg = Debug|Any CPU
		{4659DF73-6481-81A7-FF14-9837F2428071}.Debug|ARM64.Build.0 = Debug|Any CPU
		{4659DF73-6481-81A7-FF14-9837F2428071}.Debug|iPhone.ActiveCfg = Debug|Any CPU
		{4659DF73-6481-81A7-FF14-9837F2428071}.Debug|iPhone.Build.0 = Debug|Any CPU
		{4659DF73-6481-81A7-FF14-9837F2428071}.Debug|iPhoneSimulator.ActiveCfg = Debug|Any CPU
		{4659DF73-6481-81A7-FF14-9837F2428071}.Debug|iPhoneSimulator.Build.0 = Debug|Any CPU
		{4659DF73-6481-81A7-FF14-9837F2428071}.Debug|x64.ActiveCfg = Debug|Any CPU
		{4659DF73-6481-81A7-FF14-9837F2428071}.Debug|x64.Build.0 = Debug|Any CPU
		{4659DF73-6481-81A7-FF14-9837F2428071}.Debug|x86.ActiveCfg = Debug|Any CPU
		{4659DF73-6481-81A7-FF14-9837F2428071}.Debug|x86.Build.0 = Debug|Any CPU
		{4659DF73-6481-81A7-FF14-9837F2428071}.Release|Any CPU.ActiveCfg = Release|Any CPU
		{4659DF73-6481-81A7-FF14-9837F2428071}.Release|Any CPU.Build.0 = Release|Any CPU
		{4659DF73-6481-81A7-FF14-9837F2428071}.Release|ARM.ActiveCfg = Release|Any CPU
		{4659DF73-6481-81A7-FF14-9837F2428071}.Release|ARM.Build.0 = Release|Any CPU
		{4659DF73-6481-81A7-FF14-9837F2428071}.Release|ARM64.ActiveCfg = Release|Any CPU
		{4659DF73-6481-81A7-FF14-9837F2428071}.Release|ARM64.Build.0 = Release|Any CPU
		{4659DF73-6481-81A7-FF14-9837F2428071}.Release|iPhone.ActiveCfg = Release|Any CPU
		{4659DF73-6481-81A7-FF14-9837F2428071}.Release|iPhone.Build.0 = Release|Any CPU
		{4659DF73-6481-81A7-FF14-9837F2428071}.Release|iPhoneSimulator.ActiveCfg = Release|Any CPU
		{4659DF73-6481-81A7-FF14-9837F2428071}.Release|iPhoneSimulator.Build.0 = Release|Any CPU
		{4659DF73-6481-81A7-FF14-9837F2428071}.Release|x64.ActiveCfg = Release|Any CPU
		{4659DF73-6481-81A7-FF14-9837F2428071}.Release|x64.Build.0 = Release|Any CPU
		{4659DF73-6481-81A7-FF14-9837F2428071}.Release|x86.ActiveCfg = Release|Any CPU
		{4659DF73-6481-81A7-FF14-9837F2428071}.Release|x86.Build.0 = Release|Any CPU
		{6CC2120F-832B-F17B-4058-C37CD4F91B76}.Debug|Any CPU.ActiveCfg = Debug|Any CPU
		{6CC2120F-832B-F17B-4058-C37CD4F91B76}.Debug|Any CPU.Build.0 = Debug|Any CPU
		{6CC2120F-832B-F17B-4058-C37CD4F91B76}.Debug|ARM.ActiveCfg = Debug|Any CPU
		{6CC2120F-832B-F17B-4058-C37CD4F91B76}.Debug|ARM.Build.0 = Debug|Any CPU
		{6CC2120F-832B-F17B-4058-C37CD4F91B76}.Debug|ARM64.ActiveCfg = Debug|Any CPU
		{6CC2120F-832B-F17B-4058-C37CD4F91B76}.Debug|ARM64.Build.0 = Debug|Any CPU
		{6CC2120F-832B-F17B-4058-C37CD4F91B76}.Debug|iPhone.ActiveCfg = Debug|Any CPU
		{6CC2120F-832B-F17B-4058-C37CD4F91B76}.Debug|iPhone.Build.0 = Debug|Any CPU
		{6CC2120F-832B-F17B-4058-C37CD4F91B76}.Debug|iPhoneSimulator.ActiveCfg = Debug|Any CPU
		{6CC2120F-832B-F17B-4058-C37CD4F91B76}.Debug|iPhoneSimulator.Build.0 = Debug|Any CPU
		{6CC2120F-832B-F17B-4058-C37CD4F91B76}.Debug|x64.ActiveCfg = Debug|Any CPU
		{6CC2120F-832B-F17B-4058-C37CD4F91B76}.Debug|x64.Build.0 = Debug|Any CPU
		{6CC2120F-832B-F17B-4058-C37CD4F91B76}.Debug|x86.ActiveCfg = Debug|Any CPU
		{6CC2120F-832B-F17B-4058-C37CD4F91B76}.Debug|x86.Build.0 = Debug|Any CPU
		{6CC2120F-832B-F17B-4058-C37CD4F91B76}.Release|Any CPU.ActiveCfg = Release|Any CPU
		{6CC2120F-832B-F17B-4058-C37CD4F91B76}.Release|Any CPU.Build.0 = Release|Any CPU
		{6CC2120F-832B-F17B-4058-C37CD4F91B76}.Release|ARM.ActiveCfg = Release|Any CPU
		{6CC2120F-832B-F17B-4058-C37CD4F91B76}.Release|ARM.Build.0 = Release|Any CPU
		{6CC2120F-832B-F17B-4058-C37CD4F91B76}.Release|ARM64.ActiveCfg = Release|Any CPU
		{6CC2120F-832B-F17B-4058-C37CD4F91B76}.Release|ARM64.Build.0 = Release|Any CPU
		{6CC2120F-832B-F17B-4058-C37CD4F91B76}.Release|iPhone.ActiveCfg = Release|Any CPU
		{6CC2120F-832B-F17B-4058-C37CD4F91B76}.Release|iPhone.Build.0 = Release|Any CPU
		{6CC2120F-832B-F17B-4058-C37CD4F91B76}.Release|iPhoneSimulator.ActiveCfg = Release|Any CPU
		{6CC2120F-832B-F17B-4058-C37CD4F91B76}.Release|iPhoneSimulator.Build.0 = Release|Any CPU
		{6CC2120F-832B-F17B-4058-C37CD4F91B76}.Release|x64.ActiveCfg = Release|Any CPU
		{6CC2120F-832B-F17B-4058-C37CD4F91B76}.Release|x64.Build.0 = Release|Any CPU
		{6CC2120F-832B-F17B-4058-C37CD4F91B76}.Release|x86.ActiveCfg = Release|Any CPU
		{6CC2120F-832B-F17B-4058-C37CD4F91B76}.Release|x86.Build.0 = Release|Any CPU
	EndGlobalSection
	GlobalSection(SolutionProperties) = preSolution
		HideSolutionNode = FALSE
	EndGlobalSection
	GlobalSection(NestedProjects) = preSolution
		{2573B1CF-096C-6C9B-D3A0-A38D0910E8BA} = {8BBDFD16-37FB-4C4C-AA4F-525913416EBE}
		{4659DF73-6481-81A7-FF14-9837F2428071} = {8BBDFD16-37FB-4C4C-AA4F-525913416EBE}
		{6CC2120F-832B-F17B-4058-C37CD4F91B76} = {8BBDFD16-37FB-4C4C-AA4F-525913416EBE}
	EndGlobalSection
	GlobalSection(ExtensibilityGlobals) = postSolution
		SolutionGuid = {A1B2C3D4-E5F6-7890-ABCD-EF1234567890}
	EndGlobalSection
EndGlobal
