
Microsoft Visual Studio Solution File, Format Version 12.00
# Visual Studio Version 17
VisualStudioVersion = 17.1.32210.238
MinimumVisualStudioVersion = 10.0.40219.1
Project("{9A19103F-16F7-4668-BE54-9A1E7A4F7556}") = "Bible.Alarm", "Bible.Alarm\Bible.Alarm\Bible.Alarm.csproj", "{88314728-92AD-49BB-9092-3DF53C686066}"
EndProject
Project("{2150E333-8FDC-42A3-9474-1A3956D46DE8}") = "_tools", "_tools", "{8BBDFD16-37FB-4C4C-AA4F-525913416EBE}"
EndProject
Project("{9A19103F-16F7-4668-BE54-9A1E7A4F7556}") = "Bible.Alarm.Audio.Links.Harvestor", "_tools\Bible.Alarm.Audio.Links.Harvestor\Bible.Alarm.Audio.Links.Harvestor.csproj", "{1D8DA005-6359-422B-9ACF-E3CBB05B25F4}"
EndProject
Project("{9A19103F-16F7-4668-BE54-9A1E7A4F7556}") = "Bible.Alarm.DbMigration.Setup", "_tools\Bible.Alarm.DbMigration.Setup\Bible.Alarm.DbMigration.Setup.csproj", "{2DA76390-D8E0-4DD4-B342-2E2DD315FB83}"
EndProject
Project("{FAE04EC0-301F-11D3-BF4B-00C04F79EFBC}") = "Bible.Alarm.Droid", "Bible.Alarm\Bible.Alarm.Droid\Bible.Alarm.Droid.csproj", "{4CA6A22D-D742-4DFD-8349-057EF30A9445}"
EndProject
Project("{2150E333-8FDC-42A3-9474-1A3956D46DE8}") = "Library", "Library", "{26735473-D93B-4EBC-BCA3-AD3518DCEA4A}"
EndProject
Project("{2150E333-8FDC-42A3-9474-1A3956D46DE8}") = "Logging", "Logging", "{C1196B56-6825-4989-B8F1-C9D90627BB57}"
EndProject
Project("{9A19103F-16F7-4668-BE54-9A1E7A4F7556}") = "Loggly", "Library\Logging\Loggly\Loggly.csproj", "{A294ED02-19F3-428F-B25A-A94EDD8C03CC}"
EndProject
Project("{9A19103F-16F7-4668-BE54-9A1E7A4F7556}") = "Loggly.Config", "Library\Logging\Loggly.Config\Loggly.Config.csproj", "{4F8457F7-2B13-4020-9154-179BFE40DC0E}"
EndProject
Project("{9A19103F-16F7-4668-BE54-9A1E7A4F7556}") = "NLog.Targets.Loggly", "Library\Logging\NLog.Targets.Loggly\NLog.Targets.Loggly.csproj", "{C9C75F14-858D-4136-ADF0-88D6699749E7}"
EndProject
Project("{2150E333-8FDC-42A3-9474-1A3956D46DE8}") = "MediaManager", "MediaManager", "{CF7AAADB-4388-4522-90F0-49265E8E87C6}"
EndProject
Project("{9A19103F-16F7-4668-BE54-9A1E7A4F7556}") = "XamarinMediaManager", "Library\MediaManager\XamarinMediaManager\XamarinMediaManager.csproj", "{1C218EBA-3935-4BCB-BE85-D3400CD1D680}"
EndProject
Project("{9A19103F-16F7-4668-BE54-9A1E7A4F7556}") = "Bible.Alarm.VersionPatcher", "_tools\Bible.Alarm.VersionPatcher\Bible.Alarm.VersionPatcher.csproj", "{EF8D0ED7-45C2-4176-B01E-0BF199108B05}"
EndProject
Global
	GlobalSection(SolutionConfigurationPlatforms) = preSolution
		Debug|Any CPU = Debug|Any CPU
		Debug|ARM = Debug|ARM
		Debug|ARM64 = Debug|ARM64
		Debug|iPhone = Debug|iPhone
		Debug|iPhoneSimulator = Debug|iPhoneSimulator
		Debug|x64 = Debug|x64
		Debug|x86 = Debug|x86
		Release|Any CPU = Release|Any CPU
		Release|ARM = Release|ARM
		Release|ARM64 = Release|ARM64
		Release|iPhone = Release|iPhone
		Release|iPhoneSimulator = Release|iPhoneSimulator
		Release|x64 = Release|x64
		Release|x86 = Release|x86
	EndGlobalSection
	GlobalSection(ProjectConfigurationPlatforms) = postSolution
		{88314728-92AD-49BB-9092-3DF53C686066}.Debug|Any CPU.ActiveCfg = Debug|Any CPU
		{88314728-92AD-49BB-9092-3DF53C686066}.Debug|Any CPU.Build.0 = Debug|Any CPU
		{88314728-92AD-49BB-9092-3DF53C686066}.Debug|Any CPU.Deploy.0 = Debug|Any CPU
		{88314728-92AD-49BB-9092-3DF53C686066}.Debug|ARM.ActiveCfg = Debug|Any CPU
		{88314728-92AD-49BB-9092-3DF53C686066}.Debug|ARM.Build.0 = Debug|Any CPU
		{88314728-92AD-49BB-9092-3DF53C686066}.Debug|ARM.Deploy.0 = Debug|Any CPU
		{88314728-92AD-49BB-9092-3DF53C686066}.Debug|ARM64.ActiveCfg = Debug|Any CPU
		{88314728-92AD-49BB-9092-3DF53C686066}.Debug|ARM64.Build.0 = Debug|Any CPU
		{88314728-92AD-49BB-9092-3DF53C686066}.Debug|iPhone.ActiveCfg = Debug|Any CPU
		{88314728-92AD-49BB-9092-3DF53C686066}.Debug|iPhone.Build.0 = Debug|Any CPU
		{88314728-92AD-49BB-9092-3DF53C686066}.Debug|iPhone.Deploy.0 = Debug|Any CPU
		{88314728-92AD-49BB-9092-3DF53C686066}.Debug|iPhoneSimulator.ActiveCfg = Debug|Any CPU
		{88314728-92AD-49BB-9092-3DF53C686066}.Debug|iPhoneSimulator.Build.0 = Debug|Any CPU
		{88314728-92AD-49BB-9092-3DF53C686066}.Debug|iPhoneSimulator.Deploy.0 = Debug|Any CPU
		{88314728-92AD-49BB-9092-3DF53C686066}.Debug|x64.ActiveCfg = Debug|Any CPU
		{88314728-92AD-49BB-9092-3DF53C686066}.Debug|x64.Build.0 = Debug|Any CPU
		{88314728-92AD-49BB-9092-3DF53C686066}.Debug|x64.Deploy.0 = Debug|Any CPU
		{88314728-92AD-49BB-9092-3DF53C686066}.Debug|x86.ActiveCfg = Debug|Any CPU
		{88314728-92AD-49BB-9092-3DF53C686066}.Debug|x86.Build.0 = Debug|Any CPU
		{88314728-92AD-49BB-9092-3DF53C686066}.Debug|x86.Deploy.0 = Debug|Any CPU
		{88314728-92AD-49BB-9092-3DF53C686066}.Release|Any CPU.ActiveCfg = Release|Any CPU
		{88314728-92AD-49BB-9092-3DF53C686066}.Release|Any CPU.Build.0 = Release|Any CPU
		{88314728-92AD-49BB-9092-3DF53C686066}.Release|Any CPU.Deploy.0 = Release|Any CPU
		{88314728-92AD-49BB-9092-3DF53C686066}.Release|ARM.ActiveCfg = Release|Any CPU
		{88314728-92AD-49BB-9092-3DF53C686066}.Release|ARM.Build.0 = Release|Any CPU
		{88314728-92AD-49BB-9092-3DF53C686066}.Release|ARM.Deploy.0 = Release|Any CPU
		{88314728-92AD-49BB-9092-3DF53C686066}.Release|ARM64.ActiveCfg = Release|Any CPU
		{88314728-92AD-49BB-9092-3DF53C686066}.Release|ARM64.Build.0 = Release|Any CPU
		{88314728-92AD-49BB-9092-3DF53C686066}.Release|iPhone.ActiveCfg = Release|Any CPU
		{88314728-92AD-49BB-9092-3DF53C686066}.Release|iPhone.Build.0 = Release|Any CPU
		{88314728-92AD-49BB-9092-3DF53C686066}.Release|iPhone.Deploy.0 = Release|Any CPU
		{88314728-92AD-49BB-9092-3DF53C686066}.Release|iPhoneSimulator.ActiveCfg = Release|Any CPU
		{88314728-92AD-49BB-9092-3DF53C686066}.Release|iPhoneSimulator.Build.0 = Release|Any CPU
		{88314728-92AD-49BB-9092-3DF53C686066}.Release|iPhoneSimulator.Deploy.0 = Release|Any CPU
		{88314728-92AD-49BB-9092-3DF53C686066}.Release|x64.ActiveCfg = Release|Any CPU
		{88314728-92AD-49BB-9092-3DF53C686066}.Release|x64.Build.0 = Release|Any CPU
		{88314728-92AD-49BB-9092-3DF53C686066}.Release|x64.Deploy.0 = Release|Any CPU
		{88314728-92AD-49BB-9092-3DF53C686066}.Release|x86.ActiveCfg = Release|Any CPU
		{88314728-92AD-49BB-9092-3DF53C686066}.Release|x86.Build.0 = Release|Any CPU
		{88314728-92AD-49BB-9092-3DF53C686066}.Release|x86.Deploy.0 = Release|Any CPU
		{1D8DA005-6359-422B-9ACF-E3CBB05B25F4}.Debug|Any CPU.ActiveCfg = Debug|Any CPU
		{1D8DA005-6359-422B-9ACF-E3CBB05B25F4}.Debug|Any CPU.Build.0 = Debug|Any CPU
		{1D8DA005-6359-422B-9ACF-E3CBB05B25F4}.Debug|ARM.ActiveCfg = Debug|Any CPU
		{1D8DA005-6359-422B-9ACF-E3CBB05B25F4}.Debug|ARM.Build.0 = Debug|Any CPU
		{1D8DA005-6359-422B-9ACF-E3CBB05B25F4}.Debug|ARM64.ActiveCfg = Debug|Any CPU
		{1D8DA005-6359-422B-9ACF-E3CBB05B25F4}.Debug|ARM64.Build.0 = Debug|Any CPU
		{1D8DA005-6359-422B-9ACF-E3CBB05B25F4}.Debug|iPhone.ActiveCfg = Debug|Any CPU
		{1D8DA005-6359-422B-9ACF-E3CBB05B25F4}.Debug|iPhone.Build.0 = Debug|Any CPU
		{1D8DA005-6359-422B-9ACF-E3CBB05B25F4}.Debug|iPhoneSimulator.ActiveCfg = Debug|Any CPU
		{1D8DA005-6359-422B-9ACF-E3CBB05B25F4}.Debug|iPhoneSimulator.Build.0 = Debug|Any CPU
		{1D8DA005-6359-422B-9ACF-E3CBB05B25F4}.Debug|x64.ActiveCfg = Debug|Any CPU
		{1D8DA005-6359-422B-9ACF-E3CBB05B25F4}.Debug|x64.Build.0 = Debug|Any CPU
		{1D8DA005-6359-422B-9ACF-E3CBB05B25F4}.Debug|x86.ActiveCfg = Debug|Any CPU
		{1D8DA005-6359-422B-9ACF-E3CBB05B25F4}.Debug|x86.Build.0 = Debug|Any CPU
		{1D8DA005-6359-422B-9ACF-E3CBB05B25F4}.Release|Any CPU.ActiveCfg = Release|Any CPU
		{1D8DA005-6359-422B-9ACF-E3CBB05B25F4}.Release|Any CPU.Build.0 = Release|Any CPU
		{1D8DA005-6359-422B-9ACF-E3CBB05B25F4}.Release|ARM.ActiveCfg = Release|Any CPU
		{1D8DA005-6359-422B-9ACF-E3CBB05B25F4}.Release|ARM.Build.0 = Release|Any CPU
		{1D8DA005-6359-422B-9ACF-E3CBB05B25F4}.Release|ARM64.ActiveCfg = Release|Any CPU
		{1D8DA005-6359-422B-9ACF-E3CBB05B25F4}.Release|ARM64.Build.0 = Release|Any CPU
		{1D8DA005-6359-422B-9ACF-E3CBB05B25F4}.Release|iPhone.ActiveCfg = Release|Any CPU
		{1D8DA005-6359-422B-9ACF-E3CBB05B25F4}.Release|iPhone.Build.0 = Release|Any CPU
		{1D8DA005-6359-422B-9ACF-E3CBB05B25F4}.Release|iPhoneSimulator.ActiveCfg = Release|Any CPU
		{1D8DA005-6359-422B-9ACF-E3CBB05B25F4}.Release|iPhoneSimulator.Build.0 = Release|Any CPU
		{1D8DA005-6359-422B-9ACF-E3CBB05B25F4}.Release|x64.ActiveCfg = Release|Any CPU
		{1D8DA005-6359-422B-9ACF-E3CBB05B25F4}.Release|x64.Build.0 = Release|Any CPU
		{1D8DA005-6359-422B-9ACF-E3CBB05B25F4}.Release|x86.ActiveCfg = Release|Any CPU
		{1D8DA005-6359-422B-9ACF-E3CBB05B25F4}.Release|x86.Build.0 = Release|Any CPU
		{2DA76390-D8E0-4DD4-B342-2E2DD315FB83}.Debug|Any CPU.ActiveCfg = Debug|Any CPU
		{2DA76390-D8E0-4DD4-B342-2E2DD315FB83}.Debug|Any CPU.Build.0 = Debug|Any CPU
		{2DA76390-D8E0-4DD4-B342-2E2DD315FB83}.Debug|ARM.ActiveCfg = Debug|Any CPU
		{2DA76390-D8E0-4DD4-B342-2E2DD315FB83}.Debug|ARM.Build.0 = Debug|Any CPU
		{2DA76390-D8E0-4DD4-B342-2E2DD315FB83}.Debug|ARM64.ActiveCfg = Debug|Any CPU
		{2DA76390-D8E0-4DD4-B342-2E2DD315FB83}.Debug|ARM64.Build.0 = Debug|Any CPU
		{2DA76390-D8E0-4DD4-B342-2E2DD315FB83}.Debug|iPhone.ActiveCfg = Debug|Any CPU
		{2DA76390-D8E0-4DD4-B342-2E2DD315FB83}.Debug|iPhone.Build.0 = Debug|Any CPU
		{2DA76390-D8E0-4DD4-B342-2E2DD315FB83}.Debug|iPhoneSimulator.ActiveCfg = Debug|Any CPU
		{2DA76390-D8E0-4DD4-B342-2E2DD315FB83}.Debug|iPhoneSimulator.Build.0 = Debug|Any CPU
		{2DA76390-D8E0-4DD4-B342-2E2DD315FB83}.Debug|x64.ActiveCfg = Debug|Any CPU
		{2DA76390-D8E0-4DD4-B342-2E2DD315FB83}.Debug|x64.Build.0 = Debug|Any CPU
		{2DA76390-D8E0-4DD4-B342-2E2DD315FB83}.Debug|x86.ActiveCfg = Debug|Any CPU
		{2DA76390-D8E0-4DD4-B342-2E2DD315FB83}.Debug|x86.Build.0 = Debug|Any CPU
		{2DA76390-D8E0-4DD4-B342-2E2DD315FB83}.Release|Any CPU.ActiveCfg = Release|Any CPU
		{2DA76390-D8E0-4DD4-B342-2E2DD315FB83}.Release|Any CPU.Build.0 = Release|Any CPU
		{2DA76390-D8E0-4DD4-B342-2E2DD315FB83}.Release|ARM.ActiveCfg = Release|Any CPU
		{2DA76390-D8E0-4DD4-B342-2E2DD315FB83}.Release|ARM.Build.0 = Release|Any CPU
		{2DA76390-D8E0-4DD4-B342-2E2DD315FB83}.Release|ARM64.ActiveCfg = Release|Any CPU
		{2DA76390-D8E0-4DD4-B342-2E2DD315FB83}.Release|ARM64.Build.0 = Release|Any CPU
		{2DA76390-D8E0-4DD4-B342-2E2DD315FB83}.Release|iPhone.ActiveCfg = Release|Any CPU
		{2DA76390-D8E0-4DD4-B342-2E2DD315FB83}.Release|iPhone.Build.0 = Release|Any CPU
		{2DA76390-D8E0-4DD4-B342-2E2DD315FB83}.Release|iPhoneSimulator.ActiveCfg = Release|Any CPU
		{2DA76390-D8E0-4DD4-B342-2E2DD315FB83}.Release|iPhoneSimulator.Build.0 = Release|Any CPU
		{2DA76390-D8E0-4DD4-B342-2E2DD315FB83}.Release|x64.ActiveCfg = Release|Any CPU
		{2DA76390-D8E0-4DD4-B342-2E2DD315FB83}.Release|x64.Build.0 = Release|Any CPU
		{2DA76390-D8E0-4DD4-B342-2E2DD315FB83}.Release|x86.ActiveCfg = Release|Any CPU
		{2DA76390-D8E0-4DD4-B342-2E2DD315FB83}.Release|x86.Build.0 = Release|Any CPU
		{4CA6A22D-D742-4DFD-8349-057EF30A9445}.Debug|Any CPU.ActiveCfg = Debug|Any CPU
		{4CA6A22D-D742-4DFD-8349-057EF30A9445}.Debug|Any CPU.Build.0 = Debug|Any CPU
		{4CA6A22D-D742-4DFD-8349-057EF30A9445}.Debug|Any CPU.Deploy.0 = Debug|Any CPU
		{4CA6A22D-D742-4DFD-8349-057EF30A9445}.Debug|ARM.ActiveCfg = Debug|Any CPU
		{4CA6A22D-D742-4DFD-8349-057EF30A9445}.Debug|ARM.Build.0 = Debug|Any CPU
		{4CA6A22D-D742-4DFD-8349-057EF30A9445}.Debug|ARM.Deploy.0 = Debug|Any CPU
		{4CA6A22D-D742-4DFD-8349-057EF30A9445}.Debug|ARM64.ActiveCfg = Debug|Any CPU
		{4CA6A22D-D742-4DFD-8349-057EF30A9445}.Debug|ARM64.Build.0 = Debug|Any CPU
		{4CA6A22D-D742-4DFD-8349-057EF30A9445}.Debug|ARM64.Deploy.0 = Debug|Any CPU
		{4CA6A22D-D742-4DFD-8349-057EF30A9445}.Debug|iPhone.ActiveCfg = Debug|Any CPU
		{4CA6A22D-D742-4DFD-8349-057EF30A9445}.Debug|iPhoneSimulator.ActiveCfg = Debug|Any CPU
		{4CA6A22D-D742-4DFD-8349-057EF30A9445}.Debug|x64.ActiveCfg = Debug|Any CPU
		{4CA6A22D-D742-4DFD-8349-057EF30A9445}.Debug|x64.Build.0 = Debug|Any CPU
		{4CA6A22D-D742-4DFD-8349-057EF30A9445}.Debug|x64.Deploy.0 = Debug|Any CPU
		{4CA6A22D-D742-4DFD-8349-057EF30A9445}.Debug|x86.ActiveCfg = Debug|Any CPU
		{4CA6A22D-D742-4DFD-8349-057EF30A9445}.Debug|x86.Build.0 = Debug|Any CPU
		{4CA6A22D-D742-4DFD-8349-057EF30A9445}.Debug|x86.Deploy.0 = Debug|Any CPU
		{4CA6A22D-D742-4DFD-8349-057EF30A9445}.Release|Any CPU.ActiveCfg = Release|Any CPU
		{4CA6A22D-D742-4DFD-8349-057EF30A9445}.Release|Any CPU.Build.0 = Release|Any CPU
		{4CA6A22D-D742-4DFD-8349-057EF30A9445}.Release|Any CPU.Deploy.0 = Release|Any CPU
		{4CA6A22D-D742-4DFD-8349-057EF30A9445}.Release|ARM.ActiveCfg = Release|Any CPU
		{4CA6A22D-D742-4DFD-8349-057EF30A9445}.Release|ARM.Build.0 = Release|Any CPU
		{4CA6A22D-D742-4DFD-8349-057EF30A9445}.Release|ARM.Deploy.0 = Release|Any CPU
		{4CA6A22D-D742-4DFD-8349-057EF30A9445}.Release|ARM64.ActiveCfg = Release|Any CPU
		{4CA6A22D-D742-4DFD-8349-057EF30A9445}.Release|ARM64.Build.0 = Release|Any CPU
		{4CA6A22D-D742-4DFD-8349-057EF30A9445}.Release|ARM64.Deploy.0 = Release|Any CPU
		{4CA6A22D-D742-4DFD-8349-057EF30A9445}.Release|iPhone.ActiveCfg = Release|Any CPU
		{4CA6A22D-D742-4DFD-8349-057EF30A9445}.Release|iPhone.Build.0 = Release|Any CPU
		{4CA6A22D-D742-4DFD-8349-057EF30A9445}.Release|iPhone.Deploy.0 = Release|Any CPU
		{4CA6A22D-D742-4DFD-8349-057EF30A9445}.Release|iPhoneSimulator.ActiveCfg = Release|Any CPU
		{4CA6A22D-D742-4DFD-8349-057EF30A9445}.Release|iPhoneSimulator.Build.0 = Release|Any CPU
		{4CA6A22D-D742-4DFD-8349-057EF30A9445}.Release|iPhoneSimulator.Deploy.0 = Release|Any CPU
		{4CA6A22D-D742-4DFD-8349-057EF30A9445}.Release|x64.ActiveCfg = Release|Any CPU
		{4CA6A22D-D742-4DFD-8349-057EF30A9445}.Release|x64.Build.0 = Release|Any CPU
		{4CA6A22D-D742-4DFD-8349-057EF30A9445}.Release|x64.Deploy.0 = Release|Any CPU
		{4CA6A22D-D742-4DFD-8349-057EF30A9445}.Release|x86.ActiveCfg = Release|Any CPU
		{4CA6A22D-D742-4DFD-8349-057EF30A9445}.Release|x86.Build.0 = Release|Any CPU
		{4CA6A22D-D742-4DFD-8349-057EF30A9445}.Release|x86.Deploy.0 = Release|Any CPU
		{A294ED02-19F3-428F-B25A-A94EDD8C03CC}.Debug|Any CPU.ActiveCfg = Debug|Any CPU
		{A294ED02-19F3-428F-B25A-A94EDD8C03CC}.Debug|Any CPU.Build.0 = Debug|Any CPU
		{A294ED02-19F3-428F-B25A-A94EDD8C03CC}.Debug|ARM.ActiveCfg = Debug|Any CPU
		{A294ED02-19F3-428F-B25A-A94EDD8C03CC}.Debug|ARM.Build.0 = Debug|Any CPU
		{A294ED02-19F3-428F-B25A-A94EDD8C03CC}.Debug|ARM64.ActiveCfg = Debug|Any CPU
		{A294ED02-19F3-428F-B25A-A94EDD8C03CC}.Debug|ARM64.Build.0 = Debug|Any CPU
		{A294ED02-19F3-428F-B25A-A94EDD8C03CC}.Debug|iPhone.ActiveCfg = Debug|Any CPU
		{A294ED02-19F3-428F-B25A-A94EDD8C03CC}.Debug|iPhone.Build.0 = Debug|Any CPU
		{A294ED02-19F3-428F-B25A-A94EDD8C03CC}.Debug|iPhoneSimulator.ActiveCfg = Debug|Any CPU
		{A294ED02-19F3-428F-B25A-A94EDD8C03CC}.Debug|iPhoneSimulator.Build.0 = Debug|Any CPU
		{A294ED02-19F3-428F-B25A-A94EDD8C03CC}.Debug|x64.ActiveCfg = Debug|Any CPU
		{A294ED02-19F3-428F-B25A-A94EDD8C03CC}.Debug|x64.Build.0 = Debug|Any CPU
		{A294ED02-19F3-428F-B25A-A94EDD8C03CC}.Debug|x86.ActiveCfg = Debug|Any CPU
		{A294ED02-19F3-428F-B25A-A94EDD8C03CC}.Debug|x86.Build.0 = Debug|Any CPU
		{A294ED02-19F3-428F-B25A-A94EDD8C03CC}.Release|Any CPU.ActiveCfg = Release|Any CPU
		{A294ED02-19F3-428F-B25A-A94EDD8C03CC}.Release|Any CPU.Build.0 = Release|Any CPU
		{A294ED02-19F3-428F-B25A-A94EDD8C03CC}.Release|ARM.ActiveCfg = Release|Any CPU
		{A294ED02-19F3-428F-B25A-A94EDD8C03CC}.Release|ARM.Build.0 = Release|Any CPU
		{A294ED02-19F3-428F-B25A-A94EDD8C03CC}.Release|ARM64.ActiveCfg = Release|Any CPU
		{A294ED02-19F3-428F-B25A-A94EDD8C03CC}.Release|ARM64.Build.0 = Release|Any CPU
		{A294ED02-19F3-428F-B25A-A94EDD8C03CC}.Release|iPhone.ActiveCfg = Release|Any CPU
		{A294ED02-19F3-428F-B25A-A94EDD8C03CC}.Release|iPhone.Build.0 = Release|Any CPU
		{A294ED02-19F3-428F-B25A-A94EDD8C03CC}.Release|iPhoneSimulator.ActiveCfg = Release|Any CPU
		{A294ED02-19F3-428F-B25A-A94EDD8C03CC}.Release|iPhoneSimulator.Build.0 = Release|Any CPU
		{A294ED02-19F3-428F-B25A-A94EDD8C03CC}.Release|x64.ActiveCfg = Release|Any CPU
		{A294ED02-19F3-428F-B25A-A94EDD8C03CC}.Release|x64.Build.0 = Release|Any CPU
		{A294ED02-19F3-428F-B25A-A94EDD8C03CC}.Release|x86.ActiveCfg = Release|Any CPU
		{A294ED02-19F3-428F-B25A-A94EDD8C03CC}.Release|x86.Build.0 = Release|Any CPU
		{4F8457F7-2B13-4020-9154-179BFE40DC0E}.Debug|Any CPU.ActiveCfg = Debug|Any CPU
		{4F8457F7-2B13-4020-9154-179BFE40DC0E}.Debug|Any CPU.Build.0 = Debug|Any CPU
		{4F8457F7-2B13-4020-9154-179BFE40DC0E}.Debug|ARM.ActiveCfg = Debug|Any CPU
		{4F8457F7-2B13-4020-9154-179BFE40DC0E}.Debug|ARM.Build.0 = Debug|Any CPU
		{4F8457F7-2B13-4020-9154-179BFE40DC0E}.Debug|ARM64.ActiveCfg = Debug|Any CPU
		{4F8457F7-2B13-4020-9154-179BFE40DC0E}.Debug|ARM64.Build.0 = Debug|Any CPU
		{4F8457F7-2B13-4020-9154-179BFE40DC0E}.Debug|iPhone.ActiveCfg = Debug|Any CPU
		{4F8457F7-2B13-4020-9154-179BFE40DC0E}.Debug|iPhone.Build.0 = Debug|Any CPU
		{4F8457F7-2B13-4020-9154-179BFE40DC0E}.Debug|iPhoneSimulator.ActiveCfg = Debug|Any CPU
		{4F8457F7-2B13-4020-9154-179BFE40DC0E}.Debug|iPhoneSimulator.Build.0 = Debug|Any CPU
		{4F8457F7-2B13-4020-9154-179BFE40DC0E}.Debug|x64.ActiveCfg = Debug|Any CPU
		{4F8457F7-2B13-4020-9154-179BFE40DC0E}.Debug|x64.Build.0 = Debug|Any CPU
		{4F8457F7-2B13-4020-9154-179BFE40DC0E}.Debug|x86.ActiveCfg = Debug|Any CPU
		{4F8457F7-2B13-4020-9154-179BFE40DC0E}.Debug|x86.Build.0 = Debug|Any CPU
		{4F8457F7-2B13-4020-9154-179BFE40DC0E}.Release|Any CPU.ActiveCfg = Release|Any CPU
		{4F8457F7-2B13-4020-9154-179BFE40DC0E}.Release|Any CPU.Build.0 = Release|Any CPU
		{4F8457F7-2B13-4020-9154-179BFE40DC0E}.Release|ARM.ActiveCfg = Release|Any CPU
		{4F8457F7-2B13-4020-9154-179BFE40DC0E}.Release|ARM.Build.0 = Release|Any CPU
		{4F8457F7-2B13-4020-9154-179BFE40DC0E}.Release|ARM64.ActiveCfg = Release|Any CPU
		{4F8457F7-2B13-4020-9154-179BFE40DC0E}.Release|ARM64.Build.0 = Release|Any CPU
		{4F8457F7-2B13-4020-9154-179BFE40DC0E}.Release|iPhone.ActiveCfg = Release|Any CPU
		{4F8457F7-2B13-4020-9154-179BFE40DC0E}.Release|iPhone.Build.0 = Release|Any CPU
		{4F8457F7-2B13-4020-9154-179BFE40DC0E}.Release|iPhoneSimulator.ActiveCfg = Release|Any CPU
		{4F8457F7-2B13-4020-9154-179BFE40DC0E}.Release|iPhoneSimulator.Build.0 = Release|Any CPU
		{4F8457F7-2B13-4020-9154-179BFE40DC0E}.Release|x64.ActiveCfg = Release|Any CPU
		{4F8457F7-2B13-4020-9154-179BFE40DC0E}.Release|x64.Build.0 = Release|Any CPU
		{4F8457F7-2B13-4020-9154-179BFE40DC0E}.Release|x86.ActiveCfg = Release|Any CPU
		{4F8457F7-2B13-4020-9154-179BFE40DC0E}.Release|x86.Build.0 = Release|Any CPU
		{C9C75F14-858D-4136-ADF0-88D6699749E7}.Debug|Any CPU.ActiveCfg = Debug|Any CPU
		{C9C75F14-858D-4136-ADF0-88D6699749E7}.Debug|Any CPU.Build.0 = Debug|Any CPU
		{C9C75F14-858D-4136-ADF0-88D6699749E7}.Debug|ARM.ActiveCfg = Debug|Any CPU
		{C9C75F14-858D-4136-ADF0-88D6699749E7}.Debug|ARM.Build.0 = Debug|Any CPU
		{C9C75F14-858D-4136-ADF0-88D6699749E7}.Debug|ARM64.ActiveCfg = Debug|Any CPU
		{C9C75F14-858D-4136-ADF0-88D6699749E7}.Debug|ARM64.Build.0 = Debug|Any CPU
		{C9C75F14-858D-4136-ADF0-88D6699749E7}.Debug|iPhone.ActiveCfg = Debug|Any CPU
		{C9C75F14-858D-4136-ADF0-88D6699749E7}.Debug|iPhone.Build.0 = Debug|Any CPU
		{C9C75F14-858D-4136-ADF0-88D6699749E7}.Debug|iPhoneSimulator.ActiveCfg = Debug|Any CPU
		{C9C75F14-858D-4136-ADF0-88D6699749E7}.Debug|iPhoneSimulator.Build.0 = Debug|Any CPU
		{C9C75F14-858D-4136-ADF0-88D6699749E7}.Debug|x64.ActiveCfg = Debug|Any CPU
		{C9C75F14-858D-4136-ADF0-88D6699749E7}.Debug|x64.Build.0 = Debug|Any CPU
		{C9C75F14-858D-4136-ADF0-88D6699749E7}.Debug|x86.ActiveCfg = Debug|Any CPU
		{C9C75F14-858D-4136-ADF0-88D6699749E7}.Debug|x86.Build.0 = Debug|Any CPU
		{C9C75F14-858D-4136-ADF0-88D6699749E7}.Release|Any CPU.ActiveCfg = Release|Any CPU
		{C9C75F14-858D-4136-ADF0-88D6699749E7}.Release|Any CPU.Build.0 = Release|Any CPU
		{C9C75F14-858D-4136-ADF0-88D6699749E7}.Release|ARM.ActiveCfg = Release|Any CPU
		{C9C75F14-858D-4136-ADF0-88D6699749E7}.Release|ARM.Build.0 = Release|Any CPU
		{C9C75F14-858D-4136-ADF0-88D6699749E7}.Release|ARM64.ActiveCfg = Release|Any CPU
		{C9C75F14-858D-4136-ADF0-88D6699749E7}.Release|ARM64.Build.0 = Release|Any CPU
		{C9C75F14-858D-4136-ADF0-88D6699749E7}.Release|iPhone.ActiveCfg = Release|Any CPU
		{C9C75F14-858D-4136-ADF0-88D6699749E7}.Release|iPhone.Build.0 = Release|Any CPU
		{C9C75F14-858D-4136-ADF0-88D6699749E7}.Release|iPhoneSimulator.ActiveCfg = Release|Any CPU
		{C9C75F14-858D-4136-ADF0-88D6699749E7}.Release|iPhoneSimulator.Build.0 = Release|Any CPU
		{C9C75F14-858D-4136-ADF0-88D6699749E7}.Release|x64.ActiveCfg = Release|Any CPU
		{C9C75F14-858D-4136-ADF0-88D6699749E7}.Release|x64.Build.0 = Release|Any CPU
		{C9C75F14-858D-4136-ADF0-88D6699749E7}.Release|x86.ActiveCfg = Release|Any CPU
		{C9C75F14-858D-4136-ADF0-88D6699749E7}.Release|x86.Build.0 = Release|Any CPU
		{1C218EBA-3935-4BCB-BE85-D3400CD1D680}.Debug|Any CPU.ActiveCfg = Debug|Any CPU
		{1C218EBA-3935-4BCB-BE85-D3400CD1D680}.Debug|Any CPU.Build.0 = Debug|Any CPU
		{1C218EBA-3935-4BCB-BE85-D3400CD1D680}.Debug|ARM.ActiveCfg = Debug|Any CPU
		{1C218EBA-3935-4BCB-BE85-D3400CD1D680}.Debug|ARM.Build.0 = Debug|Any CPU
		{1C218EBA-3935-4BCB-BE85-D3400CD1D680}.Debug|ARM64.ActiveCfg = Debug|Any CPU
		{1C218EBA-3935-4BCB-BE85-D3400CD1D680}.Debug|ARM64.Build.0 = Debug|Any CPU
		{1C218EBA-3935-4BCB-BE85-D3400CD1D680}.Debug|iPhone.ActiveCfg = Debug|Any CPU
		{1C218EBA-3935-4BCB-BE85-D3400CD1D680}.Debug|iPhone.Build.0 = Debug|Any CPU
		{1C218EBA-3935-4BCB-BE85-D3400CD1D680}.Debug|iPhoneSimulator.ActiveCfg = Debug|Any CPU
		{1C218EBA-3935-4BCB-BE85-D3400CD1D680}.Debug|iPhoneSimulator.Build.0 = Debug|Any CPU
		{1C218EBA-3935-4BCB-BE85-D3400CD1D680}.Debug|x64.ActiveCfg = Debug|Any CPU
		{1C218EBA-3935-4BCB-BE85-D3400CD1D680}.Debug|x64.Build.0 = Debug|Any CPU
		{1C218EBA-3935-4BCB-BE85-D3400CD1D680}.Debug|x86.ActiveCfg = Debug|Any CPU
		{1C218EBA-3935-4BCB-BE85-D3400CD1D680}.Debug|x86.Build.0 = Debug|Any CPU
		{1C218EBA-3935-4BCB-BE85-D3400CD1D680}.Release|Any CPU.ActiveCfg = Release|Any CPU
		{1C218EBA-3935-4BCB-BE85-D3400CD1D680}.Release|Any CPU.Build.0 = Release|Any CPU
		{1C218EBA-3935-4BCB-BE85-D3400CD1D680}.Release|ARM.ActiveCfg = Release|Any CPU
		{1C218EBA-3935-4BCB-BE85-D3400CD1D680}.Release|ARM.Build.0 = Release|Any CPU
		{1C218EBA-3935-4BCB-BE85-D3400CD1D680}.Release|ARM64.ActiveCfg = Release|Any CPU
		{1C218EBA-3935-4BCB-BE85-D3400CD1D680}.Release|ARM64.Build.0 = Release|Any CPU
		{1C218EBA-3935-4BCB-BE85-D3400CD1D680}.Release|iPhone.ActiveCfg = Release|Any CPU
		{1C218EBA-3935-4BCB-BE85-D3400CD1D680}.Release|iPhone.Build.0 = Release|Any CPU
		{1C218EBA-3935-4BCB-BE85-D3400CD1D680}.Release|iPhoneSimulator.ActiveCfg = Release|Any CPU
		{1C218EBA-3935-4BCB-BE85-D3400CD1D680}.Release|iPhoneSimulator.Build.0 = Release|Any CPU
		{1C218EBA-3935-4BCB-BE85-D3400CD1D680}.Release|x64.ActiveCfg = Release|Any CPU
		{1C218EBA-3935-4BCB-BE85-D3400CD1D680}.Release|x64.Build.0 = Release|Any CPU
		{1C218EBA-3935-4BCB-BE85-D3400CD1D680}.Release|x86.ActiveCfg = Release|Any CPU
		{1C218EBA-3935-4BCB-BE85-D3400CD1D680}.Release|x86.Build.0 = Release|Any CPU
		{EF8D0ED7-45C2-4176-B01E-0BF199108B05}.Debug|Any CPU.ActiveCfg = Debug|Any CPU
		{EF8D0ED7-45C2-4176-B01E-0BF199108B05}.Debug|Any CPU.Build.0 = Debug|Any CPU
		{EF8D0ED7-45C2-4176-B01E-0BF199108B05}.Debug|ARM.ActiveCfg = Debug|Any CPU
		{EF8D0ED7-45C2-4176-B01E-0BF199108B05}.Debug|ARM.Build.0 = Debug|Any CPU
		{EF8D0ED7-45C2-4176-B01E-0BF199108B05}.Debug|ARM64.ActiveCfg = Debug|Any CPU
		{EF8D0ED7-45C2-4176-B01E-0BF199108B05}.Debug|ARM64.Build.0 = Debug|Any CPU
		{EF8D0ED7-45C2-4176-B01E-0BF199108B05}.Debug|iPhone.ActiveCfg = Debug|Any CPU
		{EF8D0ED7-45C2-4176-B01E-0BF199108B05}.Debug|iPhone.Build.0 = Debug|Any CPU
		{EF8D0ED7-45C2-4176-B01E-0BF199108B05}.Debug|iPhoneSimulator.ActiveCfg = Debug|Any CPU
		{EF8D0ED7-45C2-4176-B01E-0BF199108B05}.Debug|iPhoneSimulator.Build.0 = Debug|Any CPU
		{EF8D0ED7-45C2-4176-B01E-0BF199108B05}.Debug|x64.ActiveCfg = Debug|Any CPU
		{EF8D0ED7-45C2-4176-B01E-0BF199108B05}.Debug|x64.Build.0 = Debug|Any CPU
		{EF8D0ED7-45C2-4176-B01E-0BF199108B05}.Debug|x86.ActiveCfg = Debug|Any CPU
		{EF8D0ED7-45C2-4176-B01E-0BF199108B05}.Debug|x86.Build.0 = Debug|Any CPU
		{EF8D0ED7-45C2-4176-B01E-0BF199108B05}.Release|Any CPU.ActiveCfg = Release|Any CPU
		{EF8D0ED7-45C2-4176-B01E-0BF199108B05}.Release|Any CPU.Build.0 = Release|Any CPU
		{EF8D0ED7-45C2-4176-B01E-0BF199108B05}.Release|ARM.ActiveCfg = Release|Any CPU
		{EF8D0ED7-45C2-4176-B01E-0BF199108B05}.Release|ARM.Build.0 = Release|Any CPU
		{EF8D0ED7-45C2-4176-B01E-0BF199108B05}.Release|ARM64.ActiveCfg = Release|Any CPU
		{EF8D0ED7-45C2-4176-B01E-0BF199108B05}.Release|ARM64.Build.0 = Release|Any CPU
		{EF8D0ED7-45C2-4176-B01E-0BF199108B05}.Release|iPhone.ActiveCfg = Release|Any CPU
		{EF8D0ED7-45C2-4176-B01E-0BF199108B05}.Release|iPhone.Build.0 = Release|Any CPU
		{EF8D0ED7-45C2-4176-B01E-0BF199108B05}.Release|iPhoneSimulator.ActiveCfg = Release|Any CPU
		{EF8D0ED7-45C2-4176-B01E-0BF199108B05}.Release|iPhoneSimulator.Build.0 = Release|Any CPU
		{EF8D0ED7-45C2-4176-B01E-0BF199108B05}.Release|x64.ActiveCfg = Release|Any CPU
		{EF8D0ED7-45C2-4176-B01E-0BF199108B05}.Release|x64.Build.0 = Release|Any CPU
		{EF8D0ED7-45C2-4176-B01E-0BF199108B05}.Release|x86.ActiveCfg = Release|Any CPU
		{EF8D0ED7-45C2-4176-B01E-0BF199108B05}.Release|x86.Build.0 = Release|Any CPU
	EndGlobalSection
	GlobalSection(SolutionProperties) = preSolution
		HideSolutionNode = FALSE
	EndGlobalSection
	GlobalSection(NestedProjects) = preSolution
		{1D8DA005-6359-422B-9ACF-E3CBB05B25F4} = {8BBDFD16-37FB-4C4C-AA4F-525913416EBE}
		{2DA76390-D8E0-4DD4-B342-2E2DD315FB83} = {8BBDFD16-37FB-4C4C-AA4F-525913416EBE}
		{C1196B56-6825-4989-B8F1-C9D90627BB57} = {26735473-D93B-4EBC-BCA3-AD3518DCEA4A}
		{A294ED02-19F3-428F-B25A-A94EDD8C03CC} = {C1196B56-6825-4989-B8F1-C9D90627BB57}
		{4F8457F7-2B13-4020-9154-179BFE40DC0E} = {C1196B56-6825-4989-B8F1-C9D90627BB57}
		{C9C75F14-858D-4136-ADF0-88D6699749E7} = {C1196B56-6825-4989-B8F1-C9D90627BB57}
		{CF7AAADB-4388-4522-90F0-49265E8E87C6} = {26735473-D93B-4EBC-BCA3-AD3518DCEA4A}
		{1C218EBA-3935-4BCB-BE85-D3400CD1D680} = {CF7AAADB-4388-4522-90F0-49265E8E87C6}
		{EF8D0ED7-45C2-4176-B01E-0BF199108B05} = {8BBDFD16-37FB-4C4C-AA4F-525913416EBE}
	EndGlobalSection
	GlobalSection(ExtensibilityGlobals) = postSolution
		SolutionGuid = {6249737F-0CF9-4781-8848-A86665D5D025}
	EndGlobalSection
EndGlobal
